
Microsoft Visual Studio Solution File, Format Version 12.00
# Visual Studio 15
VisualStudioVersion = 15.0.27004.2009
MinimumVisualStudioVersion = 10.0.40219.1
Project("{2150E333-8FDC-42A3-9474-1A3956D46DE8}") = "validateImage", "validateImage", "{0A431B8B-9A16-438C-B43B-AC30FE805942}"
EndProject
Project("{2150E333-8FDC-42A3-9474-1A3956D46DE8}") = "threadpool", "threadpool", "{B3F97BBB-EF64-44D7-840F-9084F1A3DB71}"
EndProject
Project("{2150E333-8FDC-42A3-9474-1A3956D46DE8}") = "Expression", "Expression", "{6BAA9D2F-3A31-44EA-AC4C-C9D17B7A8021}"
EndProject
Project("{2150E333-8FDC-42A3-9474-1A3956D46DE8}") = "JeffryZhao", "JeffryZhao", "{AA2394C3-94FB-4766-94F6-285A985CA371}"
EndProject
Project("{2150E333-8FDC-42A3-9474-1A3956D46DE8}") = "ScriptManagerDemo", "ScriptManagerDemo", "{656B343B-24F1-471E-84BB-D705E973ECBD}"
EndProject
Project("{2150E333-8FDC-42A3-9474-1A3956D46DE8}") = "Core", "Core", "{8ABB3438-0EF0-4D1C-A0BD-E513FA65354C}"
EndProject
Project("{2150E333-8FDC-42A3-9474-1A3956D46DE8}") = "Linq", "Linq", "{AE4D4603-F80C-466A-A597-8728645F03B7}"
EndProject
Project("{2150E333-8FDC-42A3-9474-1A3956D46DE8}") = "Entity", "Entity", "{8D642087-739F-41DF-8183-FE83BD64E07C}"
EndProject
Project("{2150E333-8FDC-42A3-9474-1A3956D46DE8}") = "SqlCore", "SqlCore", "{26C6C93A-156E-4FB5-B52C-E6F1F675C16E}"
EndProject
Project("{2150E333-8FDC-42A3-9474-1A3956D46DE8}") = "MongoDB", "MongoDB", "{97106D83-E3C3-4F50-A83C-9D16B09D7768}"
EndProject
Project("{2150E333-8FDC-42A3-9474-1A3956D46DE8}") = "Algorithm", "Algorithm", "{80EE7659-87C5-4604-AC2F-670E79D47204}"
EndProject
Project("{2150E333-8FDC-42A3-9474-1A3956D46DE8}") = "mustknow.net", "mustknow.net", "{C49FEC0F-75A9-4EF3-A991-851856CD1999}"
EndProject
Project("{2150E333-8FDC-42A3-9474-1A3956D46DE8}") = "ILviaCsharp", "ILviaCsharp", "{EDFC39F0-5EAC-4FAA-A52D-5CD8AD252638}"
EndProject
Project("{2150E333-8FDC-42A3-9474-1A3956D46DE8}") = "Front-End", "Front-End", "{9D6667D9-561F-4D4A-B9A2-CC73C2B956BD}"
EndProject
Project("{FAE04EC0-301F-11D3-BF4B-00C04F79EFBC}") = "MS.Practice.Demos", "MS.Practice.Demos\MS.Practice.Demos.csproj", "{19CE55CA-FC74-4A63-8BE8-3633F19470D9}"
EndProject
Project("{FAE04EC0-301F-11D3-BF4B-00C04F79EFBC}") = "ValidateProgram", "ValidateProgram\ValidateProgram.csproj", "{A4CBE01D-197E-40A3-8F25-00BEA7F38488}"
EndProject
Project("{FAE04EC0-301F-11D3-BF4B-00C04F79EFBC}") = "ThreadProgram", "ThreadProgram\ThreadProgram.csproj", "{A7FC09B7-DCA3-4DC5-8C7C-F5C6718DA36D}"
EndProject
Project("{FAE04EC0-301F-11D3-BF4B-00C04F79EFBC}") = "ExpressionProgram", "ExpressionProgram\ExpressionProgram.csproj", "{E5F9C58C-8846-4B5C-B6F4-3FC0175193CA}"
EndProject
Project("{FAE04EC0-301F-11D3-BF4B-00C04F79EFBC}") = "ProgressBar", "ProgressBar\ProgressBar.csproj", "{48893B21-FFAD-4EE5-A3A6-A00454D3BCF2}"
EndProject
Project("{FAE04EC0-301F-11D3-BF4B-00C04F79EFBC}") = "ControlLibrary", "ControlLibrary\ControlLibrary.csproj", "{2583E8A0-AAD2-4E91-9F5C-4B79FCF41DAC}"
EndProject
Project("{FAE04EC0-301F-11D3-BF4B-00C04F79EFBC}") = "UpdatePanelHelper", "UpdatePanel\UpdatePanelHelper.csproj", "{AD5C31E4-60AF-4072-8CE6-83E5EA220BD6}"
EndProject
Project("{FAE04EC0-301F-11D3-BF4B-00C04F79EFBC}") = "ScriptManagerDemo", "ScriptManagerDemo\ScriptManagerDemo.csproj", "{91E51419-F939-4B40-865D-B54E2C9EB0F8}"
EndProject
Project("{FAE04EC0-301F-11D3-BF4B-00C04F79EFBC}") = "SwitchPartManager", "SwitchPartManager\SwitchPartManager.csproj", "{8A6FB5CC-F57D-4416-880F-ED10989F7F7B}"
EndProject
Project("{FAE04EC0-301F-11D3-BF4B-00C04F79EFBC}") = "CommomCore", "CommomCore\CommomCore.csproj", "{37ADA15D-2C72-4BEB-857F-528C4E55692A}"
EndProject
Project("{FAE04EC0-301F-11D3-BF4B-00C04F79EFBC}") = "LinqProgramDemo", "LinqProgramDemo\LinqProgramDemo.csproj", "{1AC1411D-050F-44DA-9DE7-134528C8E9BD}"
EndProject
Project("{FAE04EC0-301F-11D3-BF4B-00C04F79EFBC}") = "CommonEntity", "CommonEntity\CommonEntity.csproj", "{CBC635E9-E288-4DA4-9F5C-42C6E5D6DE4C}"
EndProject
Project("{FAE04EC0-301F-11D3-BF4B-00C04F79EFBC}") = "LinqToSqlExtensions", "LinqToSqlExtensions\LinqToSqlExtensions.csproj", "{50715848-FD28-4081-95CE-11A5680D96C9}"
EndProject
Project("{FAE04EC0-301F-11D3-BF4B-00C04F79EFBC}") = "DBHelper", "DBHelper\DBHelper.csproj", "{770E8039-E431-4BFF-B631-653FD8307A82}"
EndProject
Project("{FAE04EC0-301F-11D3-BF4B-00C04F79EFBC}") = "MongoDBForMS", "MongoDBForMS\MongoDBForMS.csproj", "{002FCF29-AA0C-4C6C-BC0E-3FB07FEF96F4}"
EndProject
Project("{FAE04EC0-301F-11D3-BF4B-00C04F79EFBC}") = "ObsceneReplace", "ObsceneReplace\ObsceneReplace.csproj", "{834A2682-A340-48C3-BDA1-40AC2B4A53DF}"
EndProject
Project("{FAE04EC0-301F-11D3-BF4B-00C04F79EFBC}") = "FileLoader", "FileLoader\FileLoader.csproj", "{4D4B834A-5307-4EDA-AA16-E2470AD166D3}"
EndProject
Project("{FAE04EC0-301F-11D3-BF4B-00C04F79EFBC}") = "TestConsole", "TestConsole\TestConsole.csproj", "{639D6CE1-26D4-4B63-9E18-19B8A86F27E1}"
EndProject
Project("{FAE04EC0-301F-11D3-BF4B-00C04F79EFBC}") = "GCManage", "GCManage\GCManage.csproj", "{4C4C52E5-629C-4E67-AEF7-333E8C01EDFB}"
EndProject
Project("{FAE04EC0-301F-11D3-BF4B-00C04F79EFBC}") = "NewProgram", "NewProgram\NewProgram.csproj", "{90CA245F-C8BA-4D50-AE2E-BC42103F2876}"
EndProject
Project("{FAE04EC0-301F-11D3-BF4B-00C04F79EFBC}") = "TestMs", "TestMs\TestMs.csproj", "{2606DC3C-27A6-4317-A03F-6249059EC7A6}"
EndProject
Project("{FAE04EC0-301F-11D3-BF4B-00C04F79EFBC}") = "TestProblem", "TestProblem\TestProblem.csproj", "{DA1135ED-CC42-4F66-B9EA-0D6105107E55}"
EndProject
Project("{FAE04EC0-301F-11D3-BF4B-00C04F79EFBC}") = "AnonymousClass", "AnonymousClass\AnonymousClass.csproj", "{CB99B53E-548D-4059-9D5B-276FF519165B}"
EndProject
Project("{FAE04EC0-301F-11D3-BF4B-00C04F79EFBC}") = "EventArgsClass", "EventArgsClass\EventArgsClass.csproj", "{5735A37F-298F-41B4-9414-6029A212BE28}"
EndProject
Project("{FAE04EC0-301F-11D3-BF4B-00C04F79EFBC}") = "TGenerics", "TGenerics\TGenerics.csproj", "{182DBFCD-FC97-4385-88B4-1E227AF4A2F4}"
EndProject
Project("{FAE04EC0-301F-11D3-BF4B-00C04F79EFBC}") = "InterfaceDemo", "InterfaceDemo\InterfaceDemo.csproj", "{355E29CD-4B79-43F2-B0A5-F67BA019708A}"
EndProject
Project("{FAE04EC0-301F-11D3-BF4B-00C04F79EFBC}") = "CharStringTextHandler", "CharStringTextHandler\CharStringTextHandler.csproj", "{9FCB5CF0-E309-4F1B-B2ED-FE54B252712B}"
EndProject
Project("{FAE04EC0-301F-11D3-BF4B-00C04F79EFBC}") = "EnumType", "EnumType\EnumType.csproj", "{039C7A2F-0950-4F29-9BF9-F9FF6316FDAC}"
EndProject
Project("{FAE04EC0-301F-11D3-BF4B-00C04F79EFBC}") = "Test.360doo.com", "Test.360doo.com\Test.360doo.com.csproj", "{AA884C75-816F-4A6A-ACBF-BF4831622D17}"
EndProject
Project("{FAE04EC0-301F-11D3-BF4B-00C04F79EFBC}") = "ArraySolution", "ArraySolution\ArraySolution.csproj", "{86E7C1C6-67DF-4333-B029-452A8714A00D}"
EndProject
Project("{FAE04EC0-301F-11D3-BF4B-00C04F79EFBC}") = "DelegateSolution", "DelegateSolution\DelegateSolution.csproj", "{7C69A946-D6A6-4DF9-A5F3-0135FBBF0B9B}"
EndProject
Project("{FAE04EC0-301F-11D3-BF4B-00C04F79EFBC}") = "CustmerAttributes", "CustmerAttributes\CustmerAttributes.csproj", "{8614934F-99E1-40CD-B88C-D6E81BD5BE60}"
EndProject
Project("{FAE04EC0-301F-11D3-BF4B-00C04F79EFBC}") = "NullableProject", "NullableProject\NullableProject.csproj", "{A8691929-507D-471F-8B50-EBC66778F454}"
EndProject
Project("{FAE04EC0-301F-11D3-BF4B-00C04F79EFBC}") = "ExceptionProject", "ExceptionProject\ExceptionProject.csproj", "{B4A0D4CE-2BCC-4C6D-A3C6-6FDE34E15BB6}"
EndProject
Project("{FAE04EC0-301F-11D3-BF4B-00C04F79EFBC}") = "GColletionProject", "GColletionProject\GColletionProject.csproj", "{BAEFDE59-8A69-4CAA-8EB4-BA2A615D025B}"
EndProject
Project("{FAE04EC0-301F-11D3-BF4B-00C04F79EFBC}") = "RefectionProject", "RefectionProject\RefectionProject.csproj", "{648F5E86-1B36-4905-A961-E23B20B76078}"
EndProject
Project("{FAE04EC0-301F-11D3-BF4B-00C04F79EFBC}") = "SearializationProject", "SearializationProject\SearializationProject.csproj", "{D67BB0EC-9498-4301-BCF7-D2E5888361B3}"
EndProject
Project("{FAE04EC0-301F-11D3-BF4B-00C04F79EFBC}") = "ThreadPro", "ThreadPro\ThreadPro.csproj", "{00F212AA-84D0-4AE2-A1D8-486C906247B0}"
EndProject
Project("{FAE04EC0-301F-11D3-BF4B-00C04F79EFBC}") = "MS.Index", "MS.Index\MS.Index.csproj", "{8A873704-75EA-473D-8FF1-45A10410FCE4}"
EndProject
Project("{E24C65DC-7377-472B-9ABA-BC803B73C61A}") = "FrontEnd", "FrontEnd\", "{E871EDF0-A2EF-44E8-8F87-E4BC1A9FFC5F}"
	ProjectSection(WebsiteProperties) = preProject
		TargetFrameworkMoniker = ".NETFramework,Version%3Dv4.0"
		Debug.AspNetCompiler.VirtualPath = "/FrontEnd"
		Debug.AspNetCompiler.PhysicalPath = "FrontEnd\"
		Debug.AspNetCompiler.TargetPath = "PrecompiledWeb\FrontEnd\"
		Debug.AspNetCompiler.Updateable = "true"
		Debug.AspNetCompiler.ForceOverwrite = "true"
		Debug.AspNetCompiler.FixedNames = "false"
		Debug.AspNetCompiler.Debug = "True"
		Release.AspNetCompiler.VirtualPath = "/FrontEnd"
		Release.AspNetCompiler.PhysicalPath = "FrontEnd\"
		Release.AspNetCompiler.TargetPath = "PrecompiledWeb\FrontEnd\"
		Release.AspNetCompiler.Updateable = "true"
		Release.AspNetCompiler.ForceOverwrite = "true"
		Release.AspNetCompiler.FixedNames = "false"
		Release.AspNetCompiler.Debug = "False"
		VWDPort = "12418"
		SlnRelativePath = "FrontEnd\"
		DefaultWebSiteLanguage = "Visual C#"
	EndProjectSection
EndProject
Project("{2150E333-8FDC-42A3-9474-1A3956D46DE8}") = "JavaConvertCSharp", "JavaConvertCSharp", "{11203421-419D-4B70-B067-4F451B785A4E}"
EndProject
Project("{FAE04EC0-301F-11D3-BF4B-00C04F79EFBC}") = "ExtenseInitial", "ExtenseInitial\ExtenseInitial.csproj", "{6DF54BFD-551D-4267-988F-4AA5B87FD4D8}"
EndProject
Project("{2150E333-8FDC-42A3-9474-1A3956D46DE8}") = "OpenAuth", "OpenAuth", "{D6B5159B-3CB7-437A-9372-247B7E798613}"
EndProject
Project("{FAE04EC0-301F-11D3-BF4B-00C04F79EFBC}") = "Owin2.Demo", "Owin2.Demo\Owin2.Demo.csproj", "{2E34BCDC-8919-41C5-B8C6-38C15756CE2B}"
EndProject
Project("{FAE04EC0-301F-11D3-BF4B-00C04F79EFBC}") = "Owin2.AuthorizationServer", "Owin2.AuthorizationServer\Owin2.AuthorizationServer.csproj", "{697918DB-9A0C-49FA-85CF-21784EDD305B}"
EndProject
Project("{FAE04EC0-301F-11D3-BF4B-00C04F79EFBC}") = "Owin2.ResourceServer", "Owin2.ResourceServer\Owin2.ResourceServer.csproj", "{82BFF598-187B-4C2A-B1C8-0940BD8A4197}"
EndProject
Project("{2150E333-8FDC-42A3-9474-1A3956D46DE8}") = "Clients", "Clients", "{62395854-1981-420B-8D52-FD8C362161D9}"
EndProject
Project("{FAE04EC0-301F-11D3-BF4B-00C04F79EFBC}") = "Owin2.AuthorizationCodeGrant", "AuthorizationCodeGrant\Owin2.AuthorizationCodeGrant.csproj", "{7F312D28-D198-443F-B249-D5C341366D3F}"
EndProject
Project("{FAE04EC0-301F-11D3-BF4B-00C04F79EFBC}") = "Owin2.ClientCredentialGrant", "Owin2.ClientCredentialGrant\Owin2.ClientCredentialGrant.csproj", "{D8B6EC60-DD4A-4069-B7C6-F12A1EADFDDF}"
EndProject
Project("{FAE04EC0-301F-11D3-BF4B-00C04F79EFBC}") = "Owin2.ResourceOwnerPasswordCredentialGrant", "Owin2.ResourceOwnerPasswordCredentialGrant\Owin2.ResourceOwnerPasswordCredentialGrant.csproj", "{C57F2A47-684A-4FFD-BBA9-67E00356EE92}"
EndProject
Global
	GlobalSection(SolutionConfigurationPlatforms) = preSolution
		Debug|Any CPU = Debug|Any CPU
		Debug|Itanium = Debug|Itanium
		Debug|Mixed Platforms = Debug|Mixed Platforms
		Debug|x86 = Debug|x86
		Release|Any CPU = Release|Any CPU
		Release|Itanium = Release|Itanium
		Release|Mixed Platforms = Release|Mixed Platforms
		Release|x86 = Release|x86
	EndGlobalSection
	GlobalSection(ProjectConfigurationPlatforms) = postSolution
		{19CE55CA-FC74-4A63-8BE8-3633F19470D9}.Debug|Any CPU.ActiveCfg = Debug|x86
		{19CE55CA-FC74-4A63-8BE8-3633F19470D9}.Debug|Itanium.ActiveCfg = Debug|x86
		{19CE55CA-FC74-4A63-8BE8-3633F19470D9}.Debug|Mixed Platforms.ActiveCfg = Debug|x86
		{19CE55CA-FC74-4A63-8BE8-3633F19470D9}.Debug|Mixed Platforms.Build.0 = Debug|x86
		{19CE55CA-FC74-4A63-8BE8-3633F19470D9}.Debug|x86.ActiveCfg = Debug|x86
		{19CE55CA-FC74-4A63-8BE8-3633F19470D9}.Debug|x86.Build.0 = Debug|x86
		{19CE55CA-FC74-4A63-8BE8-3633F19470D9}.Release|Any CPU.ActiveCfg = Release|x86
		{19CE55CA-FC74-4A63-8BE8-3633F19470D9}.Release|Itanium.ActiveCfg = Release|x86
		{19CE55CA-FC74-4A63-8BE8-3633F19470D9}.Release|Mixed Platforms.ActiveCfg = Release|x86
		{19CE55CA-FC74-4A63-8BE8-3633F19470D9}.Release|Mixed Platforms.Build.0 = Release|x86
		{19CE55CA-FC74-4A63-8BE8-3633F19470D9}.Release|x86.ActiveCfg = Release|x86
		{19CE55CA-FC74-4A63-8BE8-3633F19470D9}.Release|x86.Build.0 = Release|x86
		{A4CBE01D-197E-40A3-8F25-00BEA7F38488}.Debug|Any CPU.ActiveCfg = Debug|x86
		{A4CBE01D-197E-40A3-8F25-00BEA7F38488}.Debug|Itanium.ActiveCfg = Debug|x86
		{A4CBE01D-197E-40A3-8F25-00BEA7F38488}.Debug|Mixed Platforms.ActiveCfg = Debug|x86
		{A4CBE01D-197E-40A3-8F25-00BEA7F38488}.Debug|Mixed Platforms.Build.0 = Debug|x86
		{A4CBE01D-197E-40A3-8F25-00BEA7F38488}.Debug|x86.ActiveCfg = Debug|x86
		{A4CBE01D-197E-40A3-8F25-00BEA7F38488}.Debug|x86.Build.0 = Debug|x86
		{A4CBE01D-197E-40A3-8F25-00BEA7F38488}.Release|Any CPU.ActiveCfg = Release|x86
		{A4CBE01D-197E-40A3-8F25-00BEA7F38488}.Release|Itanium.ActiveCfg = Release|x86
		{A4CBE01D-197E-40A3-8F25-00BEA7F38488}.Release|Mixed Platforms.ActiveCfg = Release|x86
		{A4CBE01D-197E-40A3-8F25-00BEA7F38488}.Release|Mixed Platforms.Build.0 = Release|x86
		{A4CBE01D-197E-40A3-8F25-00BEA7F38488}.Release|x86.ActiveCfg = Release|x86
		{A4CBE01D-197E-40A3-8F25-00BEA7F38488}.Release|x86.Build.0 = Release|x86
		{A7FC09B7-DCA3-4DC5-8C7C-F5C6718DA36D}.Debug|Any CPU.ActiveCfg = Debug|x86
		{A7FC09B7-DCA3-4DC5-8C7C-F5C6718DA36D}.Debug|Itanium.ActiveCfg = Debug|x86
		{A7FC09B7-DCA3-4DC5-8C7C-F5C6718DA36D}.Debug|Mixed Platforms.ActiveCfg = Debug|x86
		{A7FC09B7-DCA3-4DC5-8C7C-F5C6718DA36D}.Debug|Mixed Platforms.Build.0 = Debug|x86
		{A7FC09B7-DCA3-4DC5-8C7C-F5C6718DA36D}.Debug|x86.ActiveCfg = Debug|x86
		{A7FC09B7-DCA3-4DC5-8C7C-F5C6718DA36D}.Debug|x86.Build.0 = Debug|x86
		{A7FC09B7-DCA3-4DC5-8C7C-F5C6718DA36D}.Release|Any CPU.ActiveCfg = Release|x86
		{A7FC09B7-DCA3-4DC5-8C7C-F5C6718DA36D}.Release|Itanium.ActiveCfg = Release|x86
		{A7FC09B7-DCA3-4DC5-8C7C-F5C6718DA36D}.Release|Mixed Platforms.ActiveCfg = Release|x86
		{A7FC09B7-DCA3-4DC5-8C7C-F5C6718DA36D}.Release|Mixed Platforms.Build.0 = Release|x86
		{A7FC09B7-DCA3-4DC5-8C7C-F5C6718DA36D}.Release|x86.ActiveCfg = Release|x86
		{A7FC09B7-DCA3-4DC5-8C7C-F5C6718DA36D}.Release|x86.Build.0 = Release|x86
		{E5F9C58C-8846-4B5C-B6F4-3FC0175193CA}.Debug|Any CPU.ActiveCfg = Debug|x86
		{E5F9C58C-8846-4B5C-B6F4-3FC0175193CA}.Debug|Itanium.ActiveCfg = Debug|x86
		{E5F9C58C-8846-4B5C-B6F4-3FC0175193CA}.Debug|Mixed Platforms.ActiveCfg = Debug|x86
		{E5F9C58C-8846-4B5C-B6F4-3FC0175193CA}.Debug|Mixed Platforms.Build.0 = Debug|x86
		{E5F9C58C-8846-4B5C-B6F4-3FC0175193CA}.Debug|x86.ActiveCfg = Debug|x86
		{E5F9C58C-8846-4B5C-B6F4-3FC0175193CA}.Debug|x86.Build.0 = Debug|x86
		{E5F9C58C-8846-4B5C-B6F4-3FC0175193CA}.Release|Any CPU.ActiveCfg = Release|x86
		{E5F9C58C-8846-4B5C-B6F4-3FC0175193CA}.Release|Itanium.ActiveCfg = Release|x86
		{E5F9C58C-8846-4B5C-B6F4-3FC0175193CA}.Release|Mixed Platforms.ActiveCfg = Release|x86
		{E5F9C58C-8846-4B5C-B6F4-3FC0175193CA}.Release|Mixed Platforms.Build.0 = Release|x86
		{E5F9C58C-8846-4B5C-B6F4-3FC0175193CA}.Release|x86.ActiveCfg = Release|x86
		{E5F9C58C-8846-4B5C-B6F4-3FC0175193CA}.Release|x86.Build.0 = Release|x86
		{48893B21-FFAD-4EE5-A3A6-A00454D3BCF2}.Debug|Any CPU.ActiveCfg = Debug|Any CPU
		{48893B21-FFAD-4EE5-A3A6-A00454D3BCF2}.Debug|Any CPU.Build.0 = Debug|Any CPU
		{48893B21-FFAD-4EE5-A3A6-A00454D3BCF2}.Debug|Itanium.ActiveCfg = Debug|Any CPU
		{48893B21-FFAD-4EE5-A3A6-A00454D3BCF2}.Debug|Mixed Platforms.ActiveCfg = Debug|Any CPU
		{48893B21-FFAD-4EE5-A3A6-A00454D3BCF2}.Debug|Mixed Platforms.Build.0 = Debug|Any CPU
		{48893B21-FFAD-4EE5-A3A6-A00454D3BCF2}.Debug|x86.ActiveCfg = Debug|Any CPU
		{48893B21-FFAD-4EE5-A3A6-A00454D3BCF2}.Release|Any CPU.ActiveCfg = Release|Any CPU
		{48893B21-FFAD-4EE5-A3A6-A00454D3BCF2}.Release|Any CPU.Build.0 = Release|Any CPU
		{48893B21-FFAD-4EE5-A3A6-A00454D3BCF2}.Release|Itanium.ActiveCfg = Release|Any CPU
		{48893B21-FFAD-4EE5-A3A6-A00454D3BCF2}.Release|Mixed Platforms.ActiveCfg = Release|Any CPU
		{48893B21-FFAD-4EE5-A3A6-A00454D3BCF2}.Release|Mixed Platforms.Build.0 = Release|Any CPU
		{48893B21-FFAD-4EE5-A3A6-A00454D3BCF2}.Release|x86.ActiveCfg = Release|Any CPU
		{2583E8A0-AAD2-4E91-9F5C-4B79FCF41DAC}.Debug|Any CPU.ActiveCfg = Debug|Any CPU
		{2583E8A0-AAD2-4E91-9F5C-4B79FCF41DAC}.Debug|Any CPU.Build.0 = Debug|Any CPU
		{2583E8A0-AAD2-4E91-9F5C-4B79FCF41DAC}.Debug|Itanium.ActiveCfg = Debug|Any CPU
		{2583E8A0-AAD2-4E91-9F5C-4B79FCF41DAC}.Debug|Mixed Platforms.ActiveCfg = Debug|Any CPU
		{2583E8A0-AAD2-4E91-9F5C-4B79FCF41DAC}.Debug|Mixed Platforms.Build.0 = Debug|Any CPU
		{2583E8A0-AAD2-4E91-9F5C-4B79FCF41DAC}.Debug|x86.ActiveCfg = Debug|Any CPU
		{2583E8A0-AAD2-4E91-9F5C-4B79FCF41DAC}.Release|Any CPU.ActiveCfg = Release|Any CPU
		{2583E8A0-AAD2-4E91-9F5C-4B79FCF41DAC}.Release|Any CPU.Build.0 = Release|Any CPU
		{2583E8A0-AAD2-4E91-9F5C-4B79FCF41DAC}.Release|Itanium.ActiveCfg = Release|Any CPU
		{2583E8A0-AAD2-4E91-9F5C-4B79FCF41DAC}.Release|Mixed Platforms.ActiveCfg = Release|Any CPU
		{2583E8A0-AAD2-4E91-9F5C-4B79FCF41DAC}.Release|Mixed Platforms.Build.0 = Release|Any CPU
		{2583E8A0-AAD2-4E91-9F5C-4B79FCF41DAC}.Release|x86.ActiveCfg = Release|Any CPU
		{AD5C31E4-60AF-4072-8CE6-83E5EA220BD6}.Debug|Any CPU.ActiveCfg = Debug|Any CPU
		{AD5C31E4-60AF-4072-8CE6-83E5EA220BD6}.Debug|Any CPU.Build.0 = Debug|Any CPU
		{AD5C31E4-60AF-4072-8CE6-83E5EA220BD6}.Debug|Itanium.ActiveCfg = Debug|Any CPU
		{AD5C31E4-60AF-4072-8CE6-83E5EA220BD6}.Debug|Mixed Platforms.ActiveCfg = Debug|Any CPU
		{AD5C31E4-60AF-4072-8CE6-83E5EA220BD6}.Debug|Mixed Platforms.Build.0 = Debug|Any CPU
		{AD5C31E4-60AF-4072-8CE6-83E5EA220BD6}.Debug|x86.ActiveCfg = Debug|Any CPU
		{AD5C31E4-60AF-4072-8CE6-83E5EA220BD6}.Release|Any CPU.ActiveCfg = Release|Any CPU
		{AD5C31E4-60AF-4072-8CE6-83E5EA220BD6}.Release|Any CPU.Build.0 = Release|Any CPU
		{AD5C31E4-60AF-4072-8CE6-83E5EA220BD6}.Release|Itanium.ActiveCfg = Release|Any CPU
		{AD5C31E4-60AF-4072-8CE6-83E5EA220BD6}.Release|Mixed Platforms.ActiveCfg = Release|Any CPU
		{AD5C31E4-60AF-4072-8CE6-83E5EA220BD6}.Release|Mixed Platforms.Build.0 = Release|Any CPU
		{AD5C31E4-60AF-4072-8CE6-83E5EA220BD6}.Release|x86.ActiveCfg = Release|Any CPU
		{91E51419-F939-4B40-865D-B54E2C9EB0F8}.Debug|Any CPU.ActiveCfg = Debug|Any CPU
		{91E51419-F939-4B40-865D-B54E2C9EB0F8}.Debug|Any CPU.Build.0 = Debug|Any CPU
		{91E51419-F939-4B40-865D-B54E2C9EB0F8}.Debug|Itanium.ActiveCfg = Debug|Any CPU
		{91E51419-F939-4B40-865D-B54E2C9EB0F8}.Debug|Mixed Platforms.ActiveCfg = Debug|Any CPU
		{91E51419-F939-4B40-865D-B54E2C9EB0F8}.Debug|Mixed Platforms.Build.0 = Debug|Any CPU
		{91E51419-F939-4B40-865D-B54E2C9EB0F8}.Debug|x86.ActiveCfg = Debug|Any CPU
		{91E51419-F939-4B40-865D-B54E2C9EB0F8}.Release|Any CPU.ActiveCfg = Release|Any CPU
		{91E51419-F939-4B40-865D-B54E2C9EB0F8}.Release|Any CPU.Build.0 = Release|Any CPU
		{91E51419-F939-4B40-865D-B54E2C9EB0F8}.Release|Itanium.ActiveCfg = Release|Any CPU
		{91E51419-F939-4B40-865D-B54E2C9EB0F8}.Release|Mixed Platforms.ActiveCfg = Release|Any CPU
		{91E51419-F939-4B40-865D-B54E2C9EB0F8}.Release|Mixed Platforms.Build.0 = Release|Any CPU
		{91E51419-F939-4B40-865D-B54E2C9EB0F8}.Release|x86.ActiveCfg = Release|Any CPU
		{8A6FB5CC-F57D-4416-880F-ED10989F7F7B}.Debug|Any CPU.ActiveCfg = Debug|Any CPU
		{8A6FB5CC-F57D-4416-880F-ED10989F7F7B}.Debug|Any CPU.Build.0 = Debug|Any CPU
		{8A6FB5CC-F57D-4416-880F-ED10989F7F7B}.Debug|Itanium.ActiveCfg = Debug|Any CPU
		{8A6FB5CC-F57D-4416-880F-ED10989F7F7B}.Debug|Mixed Platforms.ActiveCfg = Debug|Any CPU
		{8A6FB5CC-F57D-4416-880F-ED10989F7F7B}.Debug|Mixed Platforms.Build.0 = Debug|Any CPU
		{8A6FB5CC-F57D-4416-880F-ED10989F7F7B}.Debug|x86.ActiveCfg = Debug|Any CPU
		{8A6FB5CC-F57D-4416-880F-ED10989F7F7B}.Release|Any CPU.ActiveCfg = Release|Any CPU
		{8A6FB5CC-F57D-4416-880F-ED10989F7F7B}.Release|Any CPU.Build.0 = Release|Any CPU
		{8A6FB5CC-F57D-4416-880F-ED10989F7F7B}.Release|Itanium.ActiveCfg = Release|Any CPU
		{8A6FB5CC-F57D-4416-880F-ED10989F7F7B}.Release|Mixed Platforms.ActiveCfg = Release|Any CPU
		{8A6FB5CC-F57D-4416-880F-ED10989F7F7B}.Release|Mixed Platforms.Build.0 = Release|Any CPU
		{8A6FB5CC-F57D-4416-880F-ED10989F7F7B}.Release|x86.ActiveCfg = Release|Any CPU
		{37ADA15D-2C72-4BEB-857F-528C4E55692A}.Debug|Any CPU.ActiveCfg = Debug|Any CPU
		{37ADA15D-2C72-4BEB-857F-528C4E55692A}.Debug|Any CPU.Build.0 = Debug|Any CPU
		{37ADA15D-2C72-4BEB-857F-528C4E55692A}.Debug|Itanium.ActiveCfg = Debug|Any CPU
		{37ADA15D-2C72-4BEB-857F-528C4E55692A}.Debug|Mixed Platforms.ActiveCfg = Debug|Any CPU
		{37ADA15D-2C72-4BEB-857F-528C4E55692A}.Debug|Mixed Platforms.Build.0 = Debug|Any CPU
		{37ADA15D-2C72-4BEB-857F-528C4E55692A}.Debug|x86.ActiveCfg = Debug|Any CPU
		{37ADA15D-2C72-4BEB-857F-528C4E55692A}.Release|Any CPU.ActiveCfg = Release|Any CPU
		{37ADA15D-2C72-4BEB-857F-528C4E55692A}.Release|Any CPU.Build.0 = Release|Any CPU
		{37ADA15D-2C72-4BEB-857F-528C4E55692A}.Release|Itanium.ActiveCfg = Release|Any CPU
		{37ADA15D-2C72-4BEB-857F-528C4E55692A}.Release|Mixed Platforms.ActiveCfg = Release|Any CPU
		{37ADA15D-2C72-4BEB-857F-528C4E55692A}.Release|Mixed Platforms.Build.0 = Release|Any CPU
		{37ADA15D-2C72-4BEB-857F-528C4E55692A}.Release|x86.ActiveCfg = Release|Any CPU
		{1AC1411D-050F-44DA-9DE7-134528C8E9BD}.Debug|Any CPU.ActiveCfg = Debug|x86
		{1AC1411D-050F-44DA-9DE7-134528C8E9BD}.Debug|Itanium.ActiveCfg = Debug|x86
		{1AC1411D-050F-44DA-9DE7-134528C8E9BD}.Debug|Mixed Platforms.ActiveCfg = Debug|x86
		{1AC1411D-050F-44DA-9DE7-134528C8E9BD}.Debug|Mixed Platforms.Build.0 = Debug|x86
		{1AC1411D-050F-44DA-9DE7-134528C8E9BD}.Debug|x86.ActiveCfg = Debug|x86
		{1AC1411D-050F-44DA-9DE7-134528C8E9BD}.Debug|x86.Build.0 = Debug|x86
		{1AC1411D-050F-44DA-9DE7-134528C8E9BD}.Release|Any CPU.ActiveCfg = Release|x86
		{1AC1411D-050F-44DA-9DE7-134528C8E9BD}.Release|Itanium.ActiveCfg = Release|x86
		{1AC1411D-050F-44DA-9DE7-134528C8E9BD}.Release|Mixed Platforms.ActiveCfg = Release|x86
		{1AC1411D-050F-44DA-9DE7-134528C8E9BD}.Release|Mixed Platforms.Build.0 = Release|x86
		{1AC1411D-050F-44DA-9DE7-134528C8E9BD}.Release|x86.ActiveCfg = Release|x86
		{1AC1411D-050F-44DA-9DE7-134528C8E9BD}.Release|x86.Build.0 = Release|x86
		{CBC635E9-E288-4DA4-9F5C-42C6E5D6DE4C}.Debug|Any CPU.ActiveCfg = Debug|Any CPU
		{CBC635E9-E288-4DA4-9F5C-42C6E5D6DE4C}.Debug|Any CPU.Build.0 = Debug|Any CPU
		{CBC635E9-E288-4DA4-9F5C-42C6E5D6DE4C}.Debug|Itanium.ActiveCfg = Debug|Any CPU
		{CBC635E9-E288-4DA4-9F5C-42C6E5D6DE4C}.Debug|Mixed Platforms.ActiveCfg = Debug|Any CPU
		{CBC635E9-E288-4DA4-9F5C-42C6E5D6DE4C}.Debug|Mixed Platforms.Build.0 = Debug|Any CPU
		{CBC635E9-E288-4DA4-9F5C-42C6E5D6DE4C}.Debug|x86.ActiveCfg = Debug|Any CPU
		{CBC635E9-E288-4DA4-9F5C-42C6E5D6DE4C}.Release|Any CPU.ActiveCfg = Release|Any CPU
		{CBC635E9-E288-4DA4-9F5C-42C6E5D6DE4C}.Release|Any CPU.Build.0 = Release|Any CPU
		{CBC635E9-E288-4DA4-9F5C-42C6E5D6DE4C}.Release|Itanium.ActiveCfg = Release|Any CPU
		{CBC635E9-E288-4DA4-9F5C-42C6E5D6DE4C}.Release|Mixed Platforms.ActiveCfg = Release|Any CPU
		{CBC635E9-E288-4DA4-9F5C-42C6E5D6DE4C}.Release|Mixed Platforms.Build.0 = Release|Any CPU
		{CBC635E9-E288-4DA4-9F5C-42C6E5D6DE4C}.Release|x86.ActiveCfg = Release|Any CPU
		{50715848-FD28-4081-95CE-11A5680D96C9}.Debug|Any CPU.ActiveCfg = Debug|Any CPU
		{50715848-FD28-4081-95CE-11A5680D96C9}.Debug|Any CPU.Build.0 = Debug|Any CPU
		{50715848-FD28-4081-95CE-11A5680D96C9}.Debug|Itanium.ActiveCfg = Debug|Any CPU
		{50715848-FD28-4081-95CE-11A5680D96C9}.Debug|Mixed Platforms.ActiveCfg = Debug|Any CPU
		{50715848-FD28-4081-95CE-11A5680D96C9}.Debug|Mixed Platforms.Build.0 = Debug|Any CPU
		{50715848-FD28-4081-95CE-11A5680D96C9}.Debug|x86.ActiveCfg = Debug|Any CPU
		{50715848-FD28-4081-95CE-11A5680D96C9}.Release|Any CPU.ActiveCfg = Release|Any CPU
		{50715848-FD28-4081-95CE-11A5680D96C9}.Release|Any CPU.Build.0 = Release|Any CPU
		{50715848-FD28-4081-95CE-11A5680D96C9}.Release|Itanium.ActiveCfg = Release|Any CPU
		{50715848-FD28-4081-95CE-11A5680D96C9}.Release|Mixed Platforms.ActiveCfg = Release|Any CPU
		{50715848-FD28-4081-95CE-11A5680D96C9}.Release|Mixed Platforms.Build.0 = Release|Any CPU
		{50715848-FD28-4081-95CE-11A5680D96C9}.Release|x86.ActiveCfg = Release|Any CPU
		{770E8039-E431-4BFF-B631-653FD8307A82}.Debug|Any CPU.ActiveCfg = Debug|Any CPU
		{770E8039-E431-4BFF-B631-653FD8307A82}.Debug|Any CPU.Build.0 = Debug|Any CPU
		{770E8039-E431-4BFF-B631-653FD8307A82}.Debug|Itanium.ActiveCfg = Debug|Any CPU
		{770E8039-E431-4BFF-B631-653FD8307A82}.Debug|Mixed Platforms.ActiveCfg = Debug|Any CPU
		{770E8039-E431-4BFF-B631-653FD8307A82}.Debug|Mixed Platforms.Build.0 = Debug|Any CPU
		{770E8039-E431-4BFF-B631-653FD8307A82}.Debug|x86.ActiveCfg = Debug|Any CPU
		{770E8039-E431-4BFF-B631-653FD8307A82}.Release|Any CPU.ActiveCfg = Release|Any CPU
		{770E8039-E431-4BFF-B631-653FD8307A82}.Release|Any CPU.Build.0 = Release|Any CPU
		{770E8039-E431-4BFF-B631-653FD8307A82}.Release|Itanium.ActiveCfg = Release|Any CPU
		{770E8039-E431-4BFF-B631-653FD8307A82}.Release|Mixed Platforms.ActiveCfg = Release|Any CPU
		{770E8039-E431-4BFF-B631-653FD8307A82}.Release|Mixed Platforms.Build.0 = Release|Any CPU
		{770E8039-E431-4BFF-B631-653FD8307A82}.Release|x86.ActiveCfg = Release|Any CPU
		{002FCF29-AA0C-4C6C-BC0E-3FB07FEF96F4}.Debug|Any CPU.ActiveCfg = Debug|x86
		{002FCF29-AA0C-4C6C-BC0E-3FB07FEF96F4}.Debug|Itanium.ActiveCfg = Debug|x86
		{002FCF29-AA0C-4C6C-BC0E-3FB07FEF96F4}.Debug|Mixed Platforms.ActiveCfg = Debug|x86
		{002FCF29-AA0C-4C6C-BC0E-3FB07FEF96F4}.Debug|Mixed Platforms.Build.0 = Debug|x86
		{002FCF29-AA0C-4C6C-BC0E-3FB07FEF96F4}.Debug|x86.ActiveCfg = Debug|x86
		{002FCF29-AA0C-4C6C-BC0E-3FB07FEF96F4}.Debug|x86.Build.0 = Debug|x86
		{002FCF29-AA0C-4C6C-BC0E-3FB07FEF96F4}.Release|Any CPU.ActiveCfg = Release|x86
		{002FCF29-AA0C-4C6C-BC0E-3FB07FEF96F4}.Release|Itanium.ActiveCfg = Release|x86
		{002FCF29-AA0C-4C6C-BC0E-3FB07FEF96F4}.Release|Mixed Platforms.ActiveCfg = Release|x86
		{002FCF29-AA0C-4C6C-BC0E-3FB07FEF96F4}.Release|Mixed Platforms.Build.0 = Release|x86
		{002FCF29-AA0C-4C6C-BC0E-3FB07FEF96F4}.Release|x86.ActiveCfg = Release|x86
		{002FCF29-AA0C-4C6C-BC0E-3FB07FEF96F4}.Release|x86.Build.0 = Release|x86
		{834A2682-A340-48C3-BDA1-40AC2B4A53DF}.Debug|Any CPU.ActiveCfg = Debug|Any CPU
		{834A2682-A340-48C3-BDA1-40AC2B4A53DF}.Debug|Any CPU.Build.0 = Debug|Any CPU
		{834A2682-A340-48C3-BDA1-40AC2B4A53DF}.Debug|Itanium.ActiveCfg = Debug|Any CPU
		{834A2682-A340-48C3-BDA1-40AC2B4A53DF}.Debug|Mixed Platforms.ActiveCfg = Debug|Any CPU
		{834A2682-A340-48C3-BDA1-40AC2B4A53DF}.Debug|Mixed Platforms.Build.0 = Debug|Any CPU
		{834A2682-A340-48C3-BDA1-40AC2B4A53DF}.Debug|x86.ActiveCfg = Debug|Any CPU
		{834A2682-A340-48C3-BDA1-40AC2B4A53DF}.Release|Any CPU.ActiveCfg = Release|Any CPU
		{834A2682-A340-48C3-BDA1-40AC2B4A53DF}.Release|Any CPU.Build.0 = Release|Any CPU
		{834A2682-A340-48C3-BDA1-40AC2B4A53DF}.Release|Itanium.ActiveCfg = Release|Any CPU
		{834A2682-A340-48C3-BDA1-40AC2B4A53DF}.Release|Mixed Platforms.ActiveCfg = Release|Any CPU
		{834A2682-A340-48C3-BDA1-40AC2B4A53DF}.Release|Mixed Platforms.Build.0 = Release|Any CPU
		{834A2682-A340-48C3-BDA1-40AC2B4A53DF}.Release|x86.ActiveCfg = Release|Any CPU
		{4D4B834A-5307-4EDA-AA16-E2470AD166D3}.Debug|Any CPU.ActiveCfg = Debug|Any CPU
		{4D4B834A-5307-4EDA-AA16-E2470AD166D3}.Debug|Any CPU.Build.0 = Debug|Any CPU
		{4D4B834A-5307-4EDA-AA16-E2470AD166D3}.Debug|Itanium.ActiveCfg = Debug|Any CPU
		{4D4B834A-5307-4EDA-AA16-E2470AD166D3}.Debug|Mixed Platforms.ActiveCfg = Debug|Any CPU
		{4D4B834A-5307-4EDA-AA16-E2470AD166D3}.Debug|Mixed Platforms.Build.0 = Debug|Any CPU
		{4D4B834A-5307-4EDA-AA16-E2470AD166D3}.Debug|x86.ActiveCfg = Debug|Any CPU
		{4D4B834A-5307-4EDA-AA16-E2470AD166D3}.Release|Any CPU.ActiveCfg = Release|Any CPU
		{4D4B834A-5307-4EDA-AA16-E2470AD166D3}.Release|Any CPU.Build.0 = Release|Any CPU
		{4D4B834A-5307-4EDA-AA16-E2470AD166D3}.Release|Itanium.ActiveCfg = Release|Any CPU
		{4D4B834A-5307-4EDA-AA16-E2470AD166D3}.Release|Mixed Platforms.ActiveCfg = Release|Any CPU
		{4D4B834A-5307-4EDA-AA16-E2470AD166D3}.Release|Mixed Platforms.Build.0 = Release|Any CPU
		{4D4B834A-5307-4EDA-AA16-E2470AD166D3}.Release|x86.ActiveCfg = Release|Any CPU
		{639D6CE1-26D4-4B63-9E18-19B8A86F27E1}.Debug|Any CPU.ActiveCfg = Debug|x86
		{639D6CE1-26D4-4B63-9E18-19B8A86F27E1}.Debug|Itanium.ActiveCfg = Debug|x86
		{639D6CE1-26D4-4B63-9E18-19B8A86F27E1}.Debug|Mixed Platforms.ActiveCfg = Debug|x86
		{639D6CE1-26D4-4B63-9E18-19B8A86F27E1}.Debug|Mixed Platforms.Build.0 = Debug|x86
		{639D6CE1-26D4-4B63-9E18-19B8A86F27E1}.Debug|x86.ActiveCfg = Debug|x86
		{639D6CE1-26D4-4B63-9E18-19B8A86F27E1}.Debug|x86.Build.0 = Debug|x86
		{639D6CE1-26D4-4B63-9E18-19B8A86F27E1}.Release|Any CPU.ActiveCfg = Release|x86
		{639D6CE1-26D4-4B63-9E18-19B8A86F27E1}.Release|Itanium.ActiveCfg = Release|x86
		{639D6CE1-26D4-4B63-9E18-19B8A86F27E1}.Release|Mixed Platforms.ActiveCfg = Release|x86
		{639D6CE1-26D4-4B63-9E18-19B8A86F27E1}.Release|Mixed Platforms.Build.0 = Release|x86
		{639D6CE1-26D4-4B63-9E18-19B8A86F27E1}.Release|x86.ActiveCfg = Release|x86
		{639D6CE1-26D4-4B63-9E18-19B8A86F27E1}.Release|x86.Build.0 = Release|x86
		{4C4C52E5-629C-4E67-AEF7-333E8C01EDFB}.Debug|Any CPU.ActiveCfg = Debug|x86
		{4C4C52E5-629C-4E67-AEF7-333E8C01EDFB}.Debug|Itanium.ActiveCfg = Debug|x86
		{4C4C52E5-629C-4E67-AEF7-333E8C01EDFB}.Debug|Mixed Platforms.ActiveCfg = Debug|x86
		{4C4C52E5-629C-4E67-AEF7-333E8C01EDFB}.Debug|Mixed Platforms.Build.0 = Debug|x86
		{4C4C52E5-629C-4E67-AEF7-333E8C01EDFB}.Debug|x86.ActiveCfg = Debug|x86
		{4C4C52E5-629C-4E67-AEF7-333E8C01EDFB}.Debug|x86.Build.0 = Debug|x86
		{4C4C52E5-629C-4E67-AEF7-333E8C01EDFB}.Release|Any CPU.ActiveCfg = Release|x86
		{4C4C52E5-629C-4E67-AEF7-333E8C01EDFB}.Release|Itanium.ActiveCfg = Release|x86
		{4C4C52E5-629C-4E67-AEF7-333E8C01EDFB}.Release|Mixed Platforms.ActiveCfg = Release|x86
		{4C4C52E5-629C-4E67-AEF7-333E8C01EDFB}.Release|Mixed Platforms.Build.0 = Release|x86
		{4C4C52E5-629C-4E67-AEF7-333E8C01EDFB}.Release|x86.ActiveCfg = Release|x86
		{4C4C52E5-629C-4E67-AEF7-333E8C01EDFB}.Release|x86.Build.0 = Release|x86
		{90CA245F-C8BA-4D50-AE2E-BC42103F2876}.Debug|Any CPU.ActiveCfg = Debug|x86
		{90CA245F-C8BA-4D50-AE2E-BC42103F2876}.Debug|Itanium.ActiveCfg = Debug|x86
		{90CA245F-C8BA-4D50-AE2E-BC42103F2876}.Debug|Mixed Platforms.ActiveCfg = Debug|x86
		{90CA245F-C8BA-4D50-AE2E-BC42103F2876}.Debug|Mixed Platforms.Build.0 = Debug|x86
		{90CA245F-C8BA-4D50-AE2E-BC42103F2876}.Debug|x86.ActiveCfg = Debug|x86
		{90CA245F-C8BA-4D50-AE2E-BC42103F2876}.Debug|x86.Build.0 = Debug|x86
		{90CA245F-C8BA-4D50-AE2E-BC42103F2876}.Release|Any CPU.ActiveCfg = Release|x86
		{90CA245F-C8BA-4D50-AE2E-BC42103F2876}.Release|Itanium.ActiveCfg = Release|x86
		{90CA245F-C8BA-4D50-AE2E-BC42103F2876}.Release|Mixed Platforms.ActiveCfg = Release|x86
		{90CA245F-C8BA-4D50-AE2E-BC42103F2876}.Release|Mixed Platforms.Build.0 = Release|x86
		{90CA245F-C8BA-4D50-AE2E-BC42103F2876}.Release|x86.ActiveCfg = Release|x86
		{90CA245F-C8BA-4D50-AE2E-BC42103F2876}.Release|x86.Build.0 = Release|x86
		{2606DC3C-27A6-4317-A03F-6249059EC7A6}.Debug|Any CPU.ActiveCfg = Debug|x86
		{2606DC3C-27A6-4317-A03F-6249059EC7A6}.Debug|Itanium.ActiveCfg = Debug|Any CPU
		{2606DC3C-27A6-4317-A03F-6249059EC7A6}.Debug|Itanium.Build.0 = Debug|Any CPU
		{2606DC3C-27A6-4317-A03F-6249059EC7A6}.Debug|Mixed Platforms.ActiveCfg = Debug|x86
		{2606DC3C-27A6-4317-A03F-6249059EC7A6}.Debug|Mixed Platforms.Build.0 = Debug|x86
		{2606DC3C-27A6-4317-A03F-6249059EC7A6}.Debug|x86.ActiveCfg = Debug|x86
		{2606DC3C-27A6-4317-A03F-6249059EC7A6}.Debug|x86.Build.0 = Debug|x86
		{2606DC3C-27A6-4317-A03F-6249059EC7A6}.Release|Any CPU.ActiveCfg = Release|x86
		{2606DC3C-27A6-4317-A03F-6249059EC7A6}.Release|Itanium.ActiveCfg = Release|Itanium
		{2606DC3C-27A6-4317-A03F-6249059EC7A6}.Release|Itanium.Build.0 = Release|Itanium
		{2606DC3C-27A6-4317-A03F-6249059EC7A6}.Release|Mixed Platforms.ActiveCfg = Release|x86
		{2606DC3C-27A6-4317-A03F-6249059EC7A6}.Release|Mixed Platforms.Build.0 = Release|x86
		{2606DC3C-27A6-4317-A03F-6249059EC7A6}.Release|x86.ActiveCfg = Release|x86
		{2606DC3C-27A6-4317-A03F-6249059EC7A6}.Release|x86.Build.0 = Release|x86
		{DA1135ED-CC42-4F66-B9EA-0D6105107E55}.Debug|Any CPU.ActiveCfg = Debug|x86
		{DA1135ED-CC42-4F66-B9EA-0D6105107E55}.Debug|Itanium.ActiveCfg = Debug|x86
		{DA1135ED-CC42-4F66-B9EA-0D6105107E55}.Debug|Mixed Platforms.ActiveCfg = Debug|x86
		{DA1135ED-CC42-4F66-B9EA-0D6105107E55}.Debug|Mixed Platforms.Build.0 = Debug|x86
		{DA1135ED-CC42-4F66-B9EA-0D6105107E55}.Debug|x86.ActiveCfg = Debug|x86
		{DA1135ED-CC42-4F66-B9EA-0D6105107E55}.Debug|x86.Build.0 = Debug|x86
		{DA1135ED-CC42-4F66-B9EA-0D6105107E55}.Release|Any CPU.ActiveCfg = Release|x86
		{DA1135ED-CC42-4F66-B9EA-0D6105107E55}.Release|Itanium.ActiveCfg = Release|x86
		{DA1135ED-CC42-4F66-B9EA-0D6105107E55}.Release|Mixed Platforms.ActiveCfg = Release|x86
		{DA1135ED-CC42-4F66-B9EA-0D6105107E55}.Release|Mixed Platforms.Build.0 = Release|x86
		{DA1135ED-CC42-4F66-B9EA-0D6105107E55}.Release|x86.ActiveCfg = Release|x86
		{DA1135ED-CC42-4F66-B9EA-0D6105107E55}.Release|x86.Build.0 = Release|x86
		{CB99B53E-548D-4059-9D5B-276FF519165B}.Debug|Any CPU.ActiveCfg = Debug|x86
		{CB99B53E-548D-4059-9D5B-276FF519165B}.Debug|Itanium.ActiveCfg = Debug|x86
		{CB99B53E-548D-4059-9D5B-276FF519165B}.Debug|Mixed Platforms.ActiveCfg = Debug|x86
		{CB99B53E-548D-4059-9D5B-276FF519165B}.Debug|Mixed Platforms.Build.0 = Debug|x86
		{CB99B53E-548D-4059-9D5B-276FF519165B}.Debug|x86.ActiveCfg = Debug|x86
		{CB99B53E-548D-4059-9D5B-276FF519165B}.Debug|x86.Build.0 = Debug|x86
		{CB99B53E-548D-4059-9D5B-276FF519165B}.Release|Any CPU.ActiveCfg = Release|x86
		{CB99B53E-548D-4059-9D5B-276FF519165B}.Release|Itanium.ActiveCfg = Release|x86
		{CB99B53E-548D-4059-9D5B-276FF519165B}.Release|Mixed Platforms.ActiveCfg = Release|x86
		{CB99B53E-548D-4059-9D5B-276FF519165B}.Release|Mixed Platforms.Build.0 = Release|x86
		{CB99B53E-548D-4059-9D5B-276FF519165B}.Release|x86.ActiveCfg = Release|x86
		{CB99B53E-548D-4059-9D5B-276FF519165B}.Release|x86.Build.0 = Release|x86
		{5735A37F-298F-41B4-9414-6029A212BE28}.Debug|Any CPU.ActiveCfg = Debug|x86
		{5735A37F-298F-41B4-9414-6029A212BE28}.Debug|Itanium.ActiveCfg = Debug|x86
		{5735A37F-298F-41B4-9414-6029A212BE28}.Debug|Mixed Platforms.ActiveCfg = Debug|x86
		{5735A37F-298F-41B4-9414-6029A212BE28}.Debug|Mixed Platforms.Build.0 = Debug|x86
		{5735A37F-298F-41B4-9414-6029A212BE28}.Debug|x86.ActiveCfg = Debug|x86
		{5735A37F-298F-41B4-9414-6029A212BE28}.Debug|x86.Build.0 = Debug|x86
		{5735A37F-298F-41B4-9414-6029A212BE28}.Release|Any CPU.ActiveCfg = Release|x86
		{5735A37F-298F-41B4-9414-6029A212BE28}.Release|Itanium.ActiveCfg = Release|x86
		{5735A37F-298F-41B4-9414-6029A212BE28}.Release|Mixed Platforms.ActiveCfg = Release|x86
		{5735A37F-298F-41B4-9414-6029A212BE28}.Release|Mixed Platforms.Build.0 = Release|x86
		{5735A37F-298F-41B4-9414-6029A212BE28}.Release|x86.ActiveCfg = Release|x86
		{5735A37F-298F-41B4-9414-6029A212BE28}.Release|x86.Build.0 = Release|x86
		{182DBFCD-FC97-4385-88B4-1E227AF4A2F4}.Debug|Any CPU.ActiveCfg = Debug|x86
		{182DBFCD-FC97-4385-88B4-1E227AF4A2F4}.Debug|Itanium.ActiveCfg = Debug|x86
		{182DBFCD-FC97-4385-88B4-1E227AF4A2F4}.Debug|Mixed Platforms.ActiveCfg = Debug|x86
		{182DBFCD-FC97-4385-88B4-1E227AF4A2F4}.Debug|Mixed Platforms.Build.0 = Debug|x86
		{182DBFCD-FC97-4385-88B4-1E227AF4A2F4}.Debug|x86.ActiveCfg = Debug|x86
		{182DBFCD-FC97-4385-88B4-1E227AF4A2F4}.Debug|x86.Build.0 = Debug|x86
		{182DBFCD-FC97-4385-88B4-1E227AF4A2F4}.Release|Any CPU.ActiveCfg = Release|x86
		{182DBFCD-FC97-4385-88B4-1E227AF4A2F4}.Release|Itanium.ActiveCfg = Release|x86
		{182DBFCD-FC97-4385-88B4-1E227AF4A2F4}.Release|Mixed Platforms.ActiveCfg = Release|x86
		{182DBFCD-FC97-4385-88B4-1E227AF4A2F4}.Release|Mixed Platforms.Build.0 = Release|x86
		{182DBFCD-FC97-4385-88B4-1E227AF4A2F4}.Release|x86.ActiveCfg = Release|x86
		{182DBFCD-FC97-4385-88B4-1E227AF4A2F4}.Release|x86.Build.0 = Release|x86
		{355E29CD-4B79-43F2-B0A5-F67BA019708A}.Debug|Any CPU.ActiveCfg = Debug|x86
		{355E29CD-4B79-43F2-B0A5-F67BA019708A}.Debug|Itanium.ActiveCfg = Debug|x86
		{355E29CD-4B79-43F2-B0A5-F67BA019708A}.Debug|Mixed Platforms.ActiveCfg = Debug|x86
		{355E29CD-4B79-43F2-B0A5-F67BA019708A}.Debug|Mixed Platforms.Build.0 = Debug|x86
		{355E29CD-4B79-43F2-B0A5-F67BA019708A}.Debug|x86.ActiveCfg = Debug|x86
		{355E29CD-4B79-43F2-B0A5-F67BA019708A}.Debug|x86.Build.0 = Debug|x86
		{355E29CD-4B79-43F2-B0A5-F67BA019708A}.Release|Any CPU.ActiveCfg = Release|x86
		{355E29CD-4B79-43F2-B0A5-F67BA019708A}.Release|Itanium.ActiveCfg = Release|x86
		{355E29CD-4B79-43F2-B0A5-F67BA019708A}.Release|Mixed Platforms.ActiveCfg = Release|x86
		{355E29CD-4B79-43F2-B0A5-F67BA019708A}.Release|Mixed Platforms.Build.0 = Release|x86
		{355E29CD-4B79-43F2-B0A5-F67BA019708A}.Release|x86.ActiveCfg = Release|x86
		{355E29CD-4B79-43F2-B0A5-F67BA019708A}.Release|x86.Build.0 = Release|x86
		{9FCB5CF0-E309-4F1B-B2ED-FE54B252712B}.Debug|Any CPU.ActiveCfg = Debug|x86
		{9FCB5CF0-E309-4F1B-B2ED-FE54B252712B}.Debug|Itanium.ActiveCfg = Debug|x86
		{9FCB5CF0-E309-4F1B-B2ED-FE54B252712B}.Debug|Mixed Platforms.ActiveCfg = Debug|x86
		{9FCB5CF0-E309-4F1B-B2ED-FE54B252712B}.Debug|Mixed Platforms.Build.0 = Debug|x86
		{9FCB5CF0-E309-4F1B-B2ED-FE54B252712B}.Debug|x86.ActiveCfg = Debug|x86
		{9FCB5CF0-E309-4F1B-B2ED-FE54B252712B}.Debug|x86.Build.0 = Debug|x86
		{9FCB5CF0-E309-4F1B-B2ED-FE54B252712B}.Release|Any CPU.ActiveCfg = Release|x86
		{9FCB5CF0-E309-4F1B-B2ED-FE54B252712B}.Release|Itanium.ActiveCfg = Release|x86
		{9FCB5CF0-E309-4F1B-B2ED-FE54B252712B}.Release|Mixed Platforms.ActiveCfg = Release|x86
		{9FCB5CF0-E309-4F1B-B2ED-FE54B252712B}.Release|Mixed Platforms.Build.0 = Release|x86
		{9FCB5CF0-E309-4F1B-B2ED-FE54B252712B}.Release|x86.ActiveCfg = Release|x86
		{9FCB5CF0-E309-4F1B-B2ED-FE54B252712B}.Release|x86.Build.0 = Release|x86
		{039C7A2F-0950-4F29-9BF9-F9FF6316FDAC}.Debug|Any CPU.ActiveCfg = Debug|x86
		{039C7A2F-0950-4F29-9BF9-F9FF6316FDAC}.Debug|Itanium.ActiveCfg = Debug|x86
		{039C7A2F-0950-4F29-9BF9-F9FF6316FDAC}.Debug|Mixed Platforms.ActiveCfg = Debug|x86
		{039C7A2F-0950-4F29-9BF9-F9FF6316FDAC}.Debug|Mixed Platforms.Build.0 = Debug|x86
		{039C7A2F-0950-4F29-9BF9-F9FF6316FDAC}.Debug|x86.ActiveCfg = Debug|x86
		{039C7A2F-0950-4F29-9BF9-F9FF6316FDAC}.Debug|x86.Build.0 = Debug|x86
		{039C7A2F-0950-4F29-9BF9-F9FF6316FDAC}.Release|Any CPU.ActiveCfg = Release|x86
		{039C7A2F-0950-4F29-9BF9-F9FF6316FDAC}.Release|Itanium.ActiveCfg = Release|x86
		{039C7A2F-0950-4F29-9BF9-F9FF6316FDAC}.Release|Mixed Platforms.ActiveCfg = Release|x86
		{039C7A2F-0950-4F29-9BF9-F9FF6316FDAC}.Release|Mixed Platforms.Build.0 = Release|x86
		{039C7A2F-0950-4F29-9BF9-F9FF6316FDAC}.Release|x86.ActiveCfg = Release|x86
		{039C7A2F-0950-4F29-9BF9-F9FF6316FDAC}.Release|x86.Build.0 = Release|x86
		{AA884C75-816F-4A6A-ACBF-BF4831622D17}.Debug|Any CPU.ActiveCfg = Debug|x86
		{AA884C75-816F-4A6A-ACBF-BF4831622D17}.Debug|Itanium.ActiveCfg = Debug|x86
		{AA884C75-816F-4A6A-ACBF-BF4831622D17}.Debug|Mixed Platforms.ActiveCfg = Debug|x86
		{AA884C75-816F-4A6A-ACBF-BF4831622D17}.Debug|Mixed Platforms.Build.0 = Debug|x86
		{AA884C75-816F-4A6A-ACBF-BF4831622D17}.Debug|x86.ActiveCfg = Debug|x86
		{AA884C75-816F-4A6A-ACBF-BF4831622D17}.Debug|x86.Build.0 = Debug|x86
		{AA884C75-816F-4A6A-ACBF-BF4831622D17}.Release|Any CPU.ActiveCfg = Release|x86
		{AA884C75-816F-4A6A-ACBF-BF4831622D17}.Release|Itanium.ActiveCfg = Release|x86
		{AA884C75-816F-4A6A-ACBF-BF4831622D17}.Release|Mixed Platforms.ActiveCfg = Release|x86
		{AA884C75-816F-4A6A-ACBF-BF4831622D17}.Release|Mixed Platforms.Build.0 = Release|x86
		{AA884C75-816F-4A6A-ACBF-BF4831622D17}.Release|x86.ActiveCfg = Release|x86
		{AA884C75-816F-4A6A-ACBF-BF4831622D17}.Release|x86.Build.0 = Release|x86
		{86E7C1C6-67DF-4333-B029-452A8714A00D}.Debug|Any CPU.ActiveCfg = Debug|x86
		{86E7C1C6-67DF-4333-B029-452A8714A00D}.Debug|Itanium.ActiveCfg = Debug|x86
		{86E7C1C6-67DF-4333-B029-452A8714A00D}.Debug|Mixed Platforms.ActiveCfg = Debug|x86
		{86E7C1C6-67DF-4333-B029-452A8714A00D}.Debug|Mixed Platforms.Build.0 = Debug|x86
		{86E7C1C6-67DF-4333-B029-452A8714A00D}.Debug|x86.ActiveCfg = Debug|x86
		{86E7C1C6-67DF-4333-B029-452A8714A00D}.Debug|x86.Build.0 = Debug|x86
		{86E7C1C6-67DF-4333-B029-452A8714A00D}.Release|Any CPU.ActiveCfg = Release|x86
		{86E7C1C6-67DF-4333-B029-452A8714A00D}.Release|Itanium.ActiveCfg = Release|x86
		{86E7C1C6-67DF-4333-B029-452A8714A00D}.Release|Mixed Platforms.ActiveCfg = Release|x86
		{86E7C1C6-67DF-4333-B029-452A8714A00D}.Release|Mixed Platforms.Build.0 = Release|x86
		{86E7C1C6-67DF-4333-B029-452A8714A00D}.Release|x86.ActiveCfg = Release|x86
		{86E7C1C6-67DF-4333-B029-452A8714A00D}.Release|x86.Build.0 = Release|x86
		{7C69A946-D6A6-4DF9-A5F3-0135FBBF0B9B}.Debug|Any CPU.ActiveCfg = Debug|x86
		{7C69A946-D6A6-4DF9-A5F3-0135FBBF0B9B}.Debug|Itanium.ActiveCfg = Debug|x86
		{7C69A946-D6A6-4DF9-A5F3-0135FBBF0B9B}.Debug|Mixed Platforms.ActiveCfg = Debug|x86
		{7C69A946-D6A6-4DF9-A5F3-0135FBBF0B9B}.Debug|Mixed Platforms.Build.0 = Debug|x86
		{7C69A946-D6A6-4DF9-A5F3-0135FBBF0B9B}.Debug|x86.ActiveCfg = Debug|x86
		{7C69A946-D6A6-4DF9-A5F3-0135FBBF0B9B}.Debug|x86.Build.0 = Debug|x86
		{7C69A946-D6A6-4DF9-A5F3-0135FBBF0B9B}.Release|Any CPU.ActiveCfg = Release|x86
		{7C69A946-D6A6-4DF9-A5F3-0135FBBF0B9B}.Release|Itanium.ActiveCfg = Release|x86
		{7C69A946-D6A6-4DF9-A5F3-0135FBBF0B9B}.Release|Mixed Platforms.ActiveCfg = Release|x86
		{7C69A946-D6A6-4DF9-A5F3-0135FBBF0B9B}.Release|Mixed Platforms.Build.0 = Release|x86
		{7C69A946-D6A6-4DF9-A5F3-0135FBBF0B9B}.Release|x86.ActiveCfg = Release|x86
		{7C69A946-D6A6-4DF9-A5F3-0135FBBF0B9B}.Release|x86.Build.0 = Release|x86
		{8614934F-99E1-40CD-B88C-D6E81BD5BE60}.Debug|Any CPU.ActiveCfg = Debug|x86
		{8614934F-99E1-40CD-B88C-D6E81BD5BE60}.Debug|Itanium.ActiveCfg = Debug|x86
		{8614934F-99E1-40CD-B88C-D6E81BD5BE60}.Debug|Mixed Platforms.ActiveCfg = Debug|x86
		{8614934F-99E1-40CD-B88C-D6E81BD5BE60}.Debug|Mixed Platforms.Build.0 = Debug|x86
		{8614934F-99E1-40CD-B88C-D6E81BD5BE60}.Debug|x86.ActiveCfg = Debug|x86
		{8614934F-99E1-40CD-B88C-D6E81BD5BE60}.Debug|x86.Build.0 = Debug|x86
		{8614934F-99E1-40CD-B88C-D6E81BD5BE60}.Release|Any CPU.ActiveCfg = Release|x86
		{8614934F-99E1-40CD-B88C-D6E81BD5BE60}.Release|Itanium.ActiveCfg = Release|x86
		{8614934F-99E1-40CD-B88C-D6E81BD5BE60}.Release|Mixed Platforms.ActiveCfg = Release|x86
		{8614934F-99E1-40CD-B88C-D6E81BD5BE60}.Release|Mixed Platforms.Build.0 = Release|x86
		{8614934F-99E1-40CD-B88C-D6E81BD5BE60}.Release|x86.ActiveCfg = Release|x86
		{8614934F-99E1-40CD-B88C-D6E81BD5BE60}.Release|x86.Build.0 = Release|x86
		{A8691929-507D-471F-8B50-EBC66778F454}.Debug|Any CPU.ActiveCfg = Debug|x86
		{A8691929-507D-471F-8B50-EBC66778F454}.Debug|Itanium.ActiveCfg = Debug|x86
		{A8691929-507D-471F-8B50-EBC66778F454}.Debug|Mixed Platforms.ActiveCfg = Debug|x86
		{A8691929-507D-471F-8B50-EBC66778F454}.Debug|Mixed Platforms.Build.0 = Debug|x86
		{A8691929-507D-471F-8B50-EBC66778F454}.Debug|x86.ActiveCfg = Debug|x86
		{A8691929-507D-471F-8B50-EBC66778F454}.Debug|x86.Build.0 = Debug|x86
		{A8691929-507D-471F-8B50-EBC66778F454}.Release|Any CPU.ActiveCfg = Release|x86
		{A8691929-507D-471F-8B50-EBC66778F454}.Release|Itanium.ActiveCfg = Release|x86
		{A8691929-507D-471F-8B50-EBC66778F454}.Release|Mixed Platforms.ActiveCfg = Release|x86
		{A8691929-507D-471F-8B50-EBC66778F454}.Release|Mixed Platforms.Build.0 = Release|x86
		{A8691929-507D-471F-8B50-EBC66778F454}.Release|x86.ActiveCfg = Release|x86
		{A8691929-507D-471F-8B50-EBC66778F454}.Release|x86.Build.0 = Release|x86
		{B4A0D4CE-2BCC-4C6D-A3C6-6FDE34E15BB6}.Debug|Any CPU.ActiveCfg = Debug|x86
		{B4A0D4CE-2BCC-4C6D-A3C6-6FDE34E15BB6}.Debug|Itanium.ActiveCfg = Debug|x86
		{B4A0D4CE-2BCC-4C6D-A3C6-6FDE34E15BB6}.Debug|Mixed Platforms.ActiveCfg = Debug|x86
		{B4A0D4CE-2BCC-4C6D-A3C6-6FDE34E15BB6}.Debug|Mixed Platforms.Build.0 = Debug|x86
		{B4A0D4CE-2BCC-4C6D-A3C6-6FDE34E15BB6}.Debug|x86.ActiveCfg = Debug|x86
		{B4A0D4CE-2BCC-4C6D-A3C6-6FDE34E15BB6}.Debug|x86.Build.0 = Debug|x86
		{B4A0D4CE-2BCC-4C6D-A3C6-6FDE34E15BB6}.Release|Any CPU.ActiveCfg = Release|x86
		{B4A0D4CE-2BCC-4C6D-A3C6-6FDE34E15BB6}.Release|Itanium.ActiveCfg = Release|x86
		{B4A0D4CE-2BCC-4C6D-A3C6-6FDE34E15BB6}.Release|Mixed Platforms.ActiveCfg = Release|x86
		{B4A0D4CE-2BCC-4C6D-A3C6-6FDE34E15BB6}.Release|Mixed Platforms.Build.0 = Release|x86
		{B4A0D4CE-2BCC-4C6D-A3C6-6FDE34E15BB6}.Release|x86.ActiveCfg = Release|x86
		{B4A0D4CE-2BCC-4C6D-A3C6-6FDE34E15BB6}.Release|x86.Build.0 = Release|x86
		{BAEFDE59-8A69-4CAA-8EB4-BA2A615D025B}.Debug|Any CPU.ActiveCfg = Debug|x86
		{BAEFDE59-8A69-4CAA-8EB4-BA2A615D025B}.Debug|Itanium.ActiveCfg = Debug|x86
		{BAEFDE59-8A69-4CAA-8EB4-BA2A615D025B}.Debug|Mixed Platforms.ActiveCfg = Debug|x86
		{BAEFDE59-8A69-4CAA-8EB4-BA2A615D025B}.Debug|Mixed Platforms.Build.0 = Debug|x86
		{BAEFDE59-8A69-4CAA-8EB4-BA2A615D025B}.Debug|x86.ActiveCfg = Debug|x86
		{BAEFDE59-8A69-4CAA-8EB4-BA2A615D025B}.Debug|x86.Build.0 = Debug|x86
		{BAEFDE59-8A69-4CAA-8EB4-BA2A615D025B}.Release|Any CPU.ActiveCfg = Release|x86
		{BAEFDE59-8A69-4CAA-8EB4-BA2A615D025B}.Release|Itanium.ActiveCfg = Release|x86
		{BAEFDE59-8A69-4CAA-8EB4-BA2A615D025B}.Release|Mixed Platforms.ActiveCfg = Release|x86
		{BAEFDE59-8A69-4CAA-8EB4-BA2A615D025B}.Release|Mixed Platforms.Build.0 = Release|x86
		{BAEFDE59-8A69-4CAA-8EB4-BA2A615D025B}.Release|x86.ActiveCfg = Release|x86
		{BAEFDE59-8A69-4CAA-8EB4-BA2A615D025B}.Release|x86.Build.0 = Release|x86
		{648F5E86-1B36-4905-A961-E23B20B76078}.Debug|Any CPU.ActiveCfg = Debug|x86
		{648F5E86-1B36-4905-A961-E23B20B76078}.Debug|Itanium.ActiveCfg = Debug|x86
		{648F5E86-1B36-4905-A961-E23B20B76078}.Debug|Mixed Platforms.ActiveCfg = Debug|x86
		{648F5E86-1B36-4905-A961-E23B20B76078}.Debug|Mixed Platforms.Build.0 = Debug|x86
		{648F5E86-1B36-4905-A961-E23B20B76078}.Debug|x86.ActiveCfg = Debug|x86
		{648F5E86-1B36-4905-A961-E23B20B76078}.Debug|x86.Build.0 = Debug|x86
		{648F5E86-1B36-4905-A961-E23B20B76078}.Release|Any CPU.ActiveCfg = Release|x86
		{648F5E86-1B36-4905-A961-E23B20B76078}.Release|Itanium.ActiveCfg = Release|x86
		{648F5E86-1B36-4905-A961-E23B20B76078}.Release|Mixed Platforms.ActiveCfg = Release|x86
		{648F5E86-1B36-4905-A961-E23B20B76078}.Release|Mixed Platforms.Build.0 = Release|x86
		{648F5E86-1B36-4905-A961-E23B20B76078}.Release|x86.ActiveCfg = Release|x86
		{648F5E86-1B36-4905-A961-E23B20B76078}.Release|x86.Build.0 = Release|x86
		{D67BB0EC-9498-4301-BCF7-D2E5888361B3}.Debug|Any CPU.ActiveCfg = Debug|x86
		{D67BB0EC-9498-4301-BCF7-D2E5888361B3}.Debug|Itanium.ActiveCfg = Debug|x86
		{D67BB0EC-9498-4301-BCF7-D2E5888361B3}.Debug|Mixed Platforms.ActiveCfg = Debug|x86
		{D67BB0EC-9498-4301-BCF7-D2E5888361B3}.Debug|Mixed Platforms.Build.0 = Debug|x86
		{D67BB0EC-9498-4301-BCF7-D2E5888361B3}.Debug|x86.ActiveCfg = Debug|x86
		{D67BB0EC-9498-4301-BCF7-D2E5888361B3}.Debug|x86.Build.0 = Debug|x86
		{D67BB0EC-9498-4301-BCF7-D2E5888361B3}.Release|Any CPU.ActiveCfg = Release|x86
		{D67BB0EC-9498-4301-BCF7-D2E5888361B3}.Release|Itanium.ActiveCfg = Release|x86
		{D67BB0EC-9498-4301-BCF7-D2E5888361B3}.Release|Mixed Platforms.ActiveCfg = Release|x86
		{D67BB0EC-9498-4301-BCF7-D2E5888361B3}.Release|Mixed Platforms.Build.0 = Release|x86
		{D67BB0EC-9498-4301-BCF7-D2E5888361B3}.Release|x86.ActiveCfg = Release|x86
		{D67BB0EC-9498-4301-BCF7-D2E5888361B3}.Release|x86.Build.0 = Release|x86
		{00F212AA-84D0-4AE2-A1D8-486C906247B0}.Debug|Any CPU.ActiveCfg = Debug|x86
		{00F212AA-84D0-4AE2-A1D8-486C906247B0}.Debug|Itanium.ActiveCfg = Debug|x86
		{00F212AA-84D0-4AE2-A1D8-486C906247B0}.Debug|Mixed Platforms.ActiveCfg = Debug|x86
		{00F212AA-84D0-4AE2-A1D8-486C906247B0}.Debug|Mixed Platforms.Build.0 = Debug|x86
		{00F212AA-84D0-4AE2-A1D8-486C906247B0}.Debug|x86.ActiveCfg = Debug|x86
		{00F212AA-84D0-4AE2-A1D8-486C906247B0}.Debug|x86.Build.0 = Debug|x86
		{00F212AA-84D0-4AE2-A1D8-486C906247B0}.Release|Any CPU.ActiveCfg = Release|x86
		{00F212AA-84D0-4AE2-A1D8-486C906247B0}.Release|Itanium.ActiveCfg = Release|x86
		{00F212AA-84D0-4AE2-A1D8-486C906247B0}.Release|Mixed Platforms.ActiveCfg = Release|x86
		{00F212AA-84D0-4AE2-A1D8-486C906247B0}.Release|Mixed Platforms.Build.0 = Release|x86
		{00F212AA-84D0-4AE2-A1D8-486C906247B0}.Release|x86.ActiveCfg = Release|x86
		{00F212AA-84D0-4AE2-A1D8-486C906247B0}.Release|x86.Build.0 = Release|x86
		{8A873704-75EA-473D-8FF1-45A10410FCE4}.Debug|Any CPU.ActiveCfg = Debug|x86
		{8A873704-75EA-473D-8FF1-45A10410FCE4}.Debug|Itanium.ActiveCfg = Debug|x86
		{8A873704-75EA-473D-8FF1-45A10410FCE4}.Debug|Mixed Platforms.ActiveCfg = Debug|x86
		{8A873704-75EA-473D-8FF1-45A10410FCE4}.Debug|Mixed Platforms.Build.0 = Debug|x86
		{8A873704-75EA-473D-8FF1-45A10410FCE4}.Debug|x86.ActiveCfg = Debug|x86
		{8A873704-75EA-473D-8FF1-45A10410FCE4}.Debug|x86.Build.0 = Debug|x86
		{8A873704-75EA-473D-8FF1-45A10410FCE4}.Release|Any CPU.ActiveCfg = Release|x86
		{8A873704-75EA-473D-8FF1-45A10410FCE4}.Release|Itanium.ActiveCfg = Release|x86
		{8A873704-75EA-473D-8FF1-45A10410FCE4}.Release|Mixed Platforms.ActiveCfg = Release|x86
		{8A873704-75EA-473D-8FF1-45A10410FCE4}.Release|Mixed Platforms.Build.0 = Release|x86
		{8A873704-75EA-473D-8FF1-45A10410FCE4}.Release|x86.ActiveCfg = Release|x86
		{8A873704-75EA-473D-8FF1-45A10410FCE4}.Release|x86.Build.0 = Release|x86
		{E871EDF0-A2EF-44E8-8F87-E4BC1A9FFC5F}.Debug|Any CPU.ActiveCfg = Debug|Any CPU
		{E871EDF0-A2EF-44E8-8F87-E4BC1A9FFC5F}.Debug|Any CPU.Build.0 = Debug|Any CPU
		{E871EDF0-A2EF-44E8-8F87-E4BC1A9FFC5F}.Debug|Itanium.ActiveCfg = Debug|Any CPU
		{E871EDF0-A2EF-44E8-8F87-E4BC1A9FFC5F}.Debug|Mixed Platforms.ActiveCfg = Debug|Any CPU
		{E871EDF0-A2EF-44E8-8F87-E4BC1A9FFC5F}.Debug|Mixed Platforms.Build.0 = Debug|Any CPU
		{E871EDF0-A2EF-44E8-8F87-E4BC1A9FFC5F}.Debug|x86.ActiveCfg = Debug|Any CPU
		{E871EDF0-A2EF-44E8-8F87-E4BC1A9FFC5F}.Release|Any CPU.ActiveCfg = Debug|Any CPU
		{E871EDF0-A2EF-44E8-8F87-E4BC1A9FFC5F}.Release|Any CPU.Build.0 = Debug|Any CPU
		{E871EDF0-A2EF-44E8-8F87-E4BC1A9FFC5F}.Release|Itanium.ActiveCfg = Debug|Any CPU
		{E871EDF0-A2EF-44E8-8F87-E4BC1A9FFC5F}.Release|Mixed Platforms.ActiveCfg = Debug|Any CPU
		{E871EDF0-A2EF-44E8-8F87-E4BC1A9FFC5F}.Release|Mixed Platforms.Build.0 = Debug|Any CPU
		{E871EDF0-A2EF-44E8-8F87-E4BC1A9FFC5F}.Release|x86.ActiveCfg = Debug|Any CPU
		{6DF54BFD-551D-4267-988F-4AA5B87FD4D8}.Debug|Any CPU.ActiveCfg = Debug|Any CPU
		{6DF54BFD-551D-4267-988F-4AA5B87FD4D8}.Debug|Any CPU.Build.0 = Debug|Any CPU
		{6DF54BFD-551D-4267-988F-4AA5B87FD4D8}.Debug|Itanium.ActiveCfg = Debug|Any CPU
		{6DF54BFD-551D-4267-988F-4AA5B87FD4D8}.Debug|Itanium.Build.0 = Debug|Any CPU
		{6DF54BFD-551D-4267-988F-4AA5B87FD4D8}.Debug|Mixed Platforms.ActiveCfg = Debug|Any CPU
		{6DF54BFD-551D-4267-988F-4AA5B87FD4D8}.Debug|Mixed Platforms.Build.0 = Debug|Any CPU
		{6DF54BFD-551D-4267-988F-4AA5B87FD4D8}.Debug|x86.ActiveCfg = Debug|Any CPU
		{6DF54BFD-551D-4267-988F-4AA5B87FD4D8}.Debug|x86.Build.0 = Debug|Any CPU
		{6DF54BFD-551D-4267-988F-4AA5B87FD4D8}.Release|Any CPU.ActiveCfg = Release|Any CPU
		{6DF54BFD-551D-4267-988F-4AA5B87FD4D8}.Release|Any CPU.Build.0 = Release|Any CPU
		{6DF54BFD-551D-4267-988F-4AA5B87FD4D8}.Release|Itanium.ActiveCfg = Release|Any CPU
		{6DF54BFD-551D-4267-988F-4AA5B87FD4D8}.Release|Itanium.Build.0 = Release|Any CPU
		{6DF54BFD-551D-4267-988F-4AA5B87FD4D8}.Release|Mixed Platforms.ActiveCfg = Release|Any CPU
		{6DF54BFD-551D-4267-988F-4AA5B87FD4D8}.Release|Mixed Platforms.Build.0 = Release|Any CPU
		{6DF54BFD-551D-4267-988F-4AA5B87FD4D8}.Release|x86.ActiveCfg = Release|Any CPU
		{6DF54BFD-551D-4267-988F-4AA5B87FD4D8}.Release|x86.Build.0 = Release|Any CPU
		{2E34BCDC-8919-41C5-B8C6-38C15756CE2B}.Debug|Any CPU.ActiveCfg = Debug|Any CPU
		{2E34BCDC-8919-41C5-B8C6-38C15756CE2B}.Debug|Any CPU.Build.0 = Debug|Any CPU
		{2E34BCDC-8919-41C5-B8C6-38C15756CE2B}.Debug|Itanium.ActiveCfg = Debug|Any CPU
		{2E34BCDC-8919-41C5-B8C6-38C15756CE2B}.Debug|Itanium.Build.0 = Debug|Any CPU
		{2E34BCDC-8919-41C5-B8C6-38C15756CE2B}.Debug|Mixed Platforms.ActiveCfg = Debug|Any CPU
		{2E34BCDC-8919-41C5-B8C6-38C15756CE2B}.Debug|Mixed Platforms.Build.0 = Debug|Any CPU
		{2E34BCDC-8919-41C5-B8C6-38C15756CE2B}.Debug|x86.ActiveCfg = Debug|Any CPU
		{2E34BCDC-8919-41C5-B8C6-38C15756CE2B}.Debug|x86.Build.0 = Debug|Any CPU
		{2E34BCDC-8919-41C5-B8C6-38C15756CE2B}.Release|Any CPU.ActiveCfg = Release|Any CPU
		{2E34BCDC-8919-41C5-B8C6-38C15756CE2B}.Release|Any CPU.Build.0 = Release|Any CPU
		{2E34BCDC-8919-41C5-B8C6-38C15756CE2B}.Release|Itanium.ActiveCfg = Release|Any CPU
		{2E34BCDC-8919-41C5-B8C6-38C15756CE2B}.Release|Itanium.Build.0 = Release|Any CPU
		{2E34BCDC-8919-41C5-B8C6-38C15756CE2B}.Release|Mixed Platforms.ActiveCfg = Release|Any CPU
		{2E34BCDC-8919-41C5-B8C6-38C15756CE2B}.Release|Mixed Platforms.Build.0 = Release|Any CPU
		{2E34BCDC-8919-41C5-B8C6-38C15756CE2B}.Release|x86.ActiveCfg = Release|Any CPU
		{2E34BCDC-8919-41C5-B8C6-38C15756CE2B}.Release|x86.Build.0 = Release|Any CPU
		{697918DB-9A0C-49FA-85CF-21784EDD305B}.Debug|Any CPU.ActiveCfg = Debug|Any CPU
		{697918DB-9A0C-49FA-85CF-21784EDD305B}.Debug|Any CPU.Build.0 = Debug|Any CPU
		{697918DB-9A0C-49FA-85CF-21784EDD305B}.Debug|Itanium.ActiveCfg = Debug|Any CPU
		{697918DB-9A0C-49FA-85CF-21784EDD305B}.Debug|Itanium.Build.0 = Debug|Any CPU
		{697918DB-9A0C-49FA-85CF-21784EDD305B}.Debug|Mixed Platforms.ActiveCfg = Debug|Any CPU
		{697918DB-9A0C-49FA-85CF-21784EDD305B}.Debug|Mixed Platforms.Build.0 = Debug|Any CPU
		{697918DB-9A0C-49FA-85CF-21784EDD305B}.Debug|x86.ActiveCfg = Debug|Any CPU
		{697918DB-9A0C-49FA-85CF-21784EDD305B}.Debug|x86.Build.0 = Debug|Any CPU
		{697918DB-9A0C-49FA-85CF-21784EDD305B}.Release|Any CPU.ActiveCfg = Release|Any CPU
		{697918DB-9A0C-49FA-85CF-21784EDD305B}.Release|Any CPU.Build.0 = Release|Any CPU
		{697918DB-9A0C-49FA-85CF-21784EDD305B}.Release|Itanium.ActiveCfg = Release|Any CPU
		{697918DB-9A0C-49FA-85CF-21784EDD305B}.Release|Itanium.Build.0 = Release|Any CPU
		{697918DB-9A0C-49FA-85CF-21784EDD305B}.Release|Mixed Platforms.ActiveCfg = Release|Any CPU
		{697918DB-9A0C-49FA-85CF-21784EDD305B}.Release|Mixed Platforms.Build.0 = Release|Any CPU
		{697918DB-9A0C-49FA-85CF-21784EDD305B}.Release|x86.ActiveCfg = Release|Any CPU
		{697918DB-9A0C-49FA-85CF-21784EDD305B}.Release|x86.Build.0 = Release|Any CPU
		{82BFF598-187B-4C2A-B1C8-0940BD8A4197}.Debug|Any CPU.ActiveCfg = Debug|Any CPU
		{82BFF598-187B-4C2A-B1C8-0940BD8A4197}.Debug|Any CPU.Build.0 = Debug|Any CPU
		{82BFF598-187B-4C2A-B1C8-0940BD8A4197}.Debug|Itanium.ActiveCfg = Debug|Any CPU
		{82BFF598-187B-4C2A-B1C8-0940BD8A4197}.Debug|Itanium.Build.0 = Debug|Any CPU
		{82BFF598-187B-4C2A-B1C8-0940BD8A4197}.Debug|Mixed Platforms.ActiveCfg = Debug|Any CPU
		{82BFF598-187B-4C2A-B1C8-0940BD8A4197}.Debug|Mixed Platforms.Build.0 = Debug|Any CPU
		{82BFF598-187B-4C2A-B1C8-0940BD8A4197}.Debug|x86.ActiveCfg = Debug|Any CPU
		{82BFF598-187B-4C2A-B1C8-0940BD8A4197}.Debug|x86.Build.0 = Debug|Any CPU
		{82BFF598-187B-4C2A-B1C8-0940BD8A4197}.Release|Any CPU.ActiveCfg = Release|Any CPU
		{82BFF598-187B-4C2A-B1C8-0940BD8A4197}.Release|Any CPU.Build.0 = Release|Any CPU
		{82BFF598-187B-4C2A-B1C8-0940BD8A4197}.Release|Itanium.ActiveCfg = Release|Any CPU
		{82BFF598-187B-4C2A-B1C8-0940BD8A4197}.Release|Itanium.Build.0 = Release|Any CPU
		{82BFF598-187B-4C2A-B1C8-0940BD8A4197}.Release|Mixed Platforms.ActiveCfg = Release|Any CPU
		{82BFF598-187B-4C2A-B1C8-0940BD8A4197}.Release|Mixed Platforms.Build.0 = Release|Any CPU
		{82BFF598-187B-4C2A-B1C8-0940BD8A4197}.Release|x86.ActiveCfg = Release|Any CPU
		{82BFF598-187B-4C2A-B1C8-0940BD8A4197}.Release|x86.Build.0 = Release|Any CPU
		{7F312D28-D198-443F-B249-D5C341366D3F}.Debug|Any CPU.ActiveCfg = Debug|Any CPU
		{7F312D28-D198-443F-B249-D5C341366D3F}.Debug|Any CPU.Build.0 = Debug|Any CPU
		{7F312D28-D198-443F-B249-D5C341366D3F}.Debug|Itanium.ActiveCfg = Debug|Any CPU
		{7F312D28-D198-443F-B249-D5C341366D3F}.Debug|Itanium.Build.0 = Debug|Any CPU
		{7F312D28-D198-443F-B249-D5C341366D3F}.Debug|Mixed Platforms.ActiveCfg = Debug|Any CPU
		{7F312D28-D198-443F-B249-D5C341366D3F}.Debug|Mixed Platforms.Build.0 = Debug|Any CPU
		{7F312D28-D198-443F-B249-D5C341366D3F}.Debug|x86.ActiveCfg = Debug|Any CPU
		{7F312D28-D198-443F-B249-D5C341366D3F}.Debug|x86.Build.0 = Debug|Any CPU
		{7F312D28-D198-443F-B249-D5C341366D3F}.Release|Any CPU.ActiveCfg = Release|Any CPU
		{7F312D28-D198-443F-B249-D5C341366D3F}.Release|Any CPU.Build.0 = Release|Any CPU
		{7F312D28-D198-443F-B249-D5C341366D3F}.Release|Itanium.ActiveCfg = Release|Any CPU
		{7F312D28-D198-443F-B249-D5C341366D3F}.Release|Itanium.Build.0 = Release|Any CPU
		{7F312D28-D198-443F-B249-D5C341366D3F}.Release|Mixed Platforms.ActiveCfg = Release|Any CPU
		{7F312D28-D198-443F-B249-D5C341366D3F}.Release|Mixed Platforms.Build.0 = Release|Any CPU
		{7F312D28-D198-443F-B249-D5C341366D3F}.Release|x86.ActiveCfg = Release|Any CPU
		{7F312D28-D198-443F-B249-D5C341366D3F}.Release|x86.Build.0 = Release|Any CPU
		{D8B6EC60-DD4A-4069-B7C6-F12A1EADFDDF}.Debug|Any CPU.ActiveCfg = Debug|Any CPU
		{D8B6EC60-DD4A-4069-B7C6-F12A1EADFDDF}.Debug|Any CPU.Build.0 = Debug|Any CPU
		{D8B6EC60-DD4A-4069-B7C6-F12A1EADFDDF}.Debug|Itanium.ActiveCfg = Debug|Any CPU
		{D8B6EC60-DD4A-4069-B7C6-F12A1EADFDDF}.Debug|Itanium.Build.0 = Debug|Any CPU
		{D8B6EC60-DD4A-4069-B7C6-F12A1EADFDDF}.Debug|Mixed Platforms.ActiveCfg = Debug|Any CPU
		{D8B6EC60-DD4A-4069-B7C6-F12A1EADFDDF}.Debug|Mixed Platforms.Build.0 = Debug|Any CPU
		{D8B6EC60-DD4A-4069-B7C6-F12A1EADFDDF}.Debug|x86.ActiveCfg = Debug|Any CPU
		{D8B6EC60-DD4A-4069-B7C6-F12A1EADFDDF}.Debug|x86.Build.0 = Debug|Any CPU
		{D8B6EC60-DD4A-4069-B7C6-F12A1EADFDDF}.Release|Any CPU.ActiveCfg = Release|Any CPU
		{D8B6EC60-DD4A-4069-B7C6-F12A1EADFDDF}.Release|Any CPU.Build.0 = Release|Any CPU
		{D8B6EC60-DD4A-4069-B7C6-F12A1EADFDDF}.Release|Itanium.ActiveCfg = Release|Any CPU
		{D8B6EC60-DD4A-4069-B7C6-F12A1EADFDDF}.Release|Itanium.Build.0 = Release|Any CPU
		{D8B6EC60-DD4A-4069-B7C6-F12A1EADFDDF}.Release|Mixed Platforms.ActiveCfg = Release|Any CPU
		{D8B6EC60-DD4A-4069-B7C6-F12A1EADFDDF}.Release|Mixed Platforms.Build.0 = Release|Any CPU
		{D8B6EC60-DD4A-4069-B7C6-F12A1EADFDDF}.Release|x86.ActiveCfg = Release|Any CPU
		{D8B6EC60-DD4A-4069-B7C6-F12A1EADFDDF}.Release|x86.Build.0 = Release|Any CPU
		{C57F2A47-684A-4FFD-BBA9-67E00356EE92}.Debug|Any CPU.ActiveCfg = Debug|Any CPU
		{C57F2A47-684A-4FFD-BBA9-67E00356EE92}.Debug|Any CPU.Build.0 = Debug|Any CPU
		{C57F2A47-684A-4FFD-BBA9-67E00356EE92}.Debug|Itanium.ActiveCfg = Debug|Any CPU
		{C57F2A47-684A-4FFD-BBA9-67E00356EE92}.Debug|Itanium.Build.0 = Debug|Any CPU
		{C57F2A47-684A-4FFD-BBA9-67E00356EE92}.Debug|Mixed Platforms.ActiveCfg = Debug|Any CPU
		{C57F2A47-684A-4FFD-BBA9-67E00356EE92}.Debug|Mixed Platforms.Build.0 = Debug|Any CPU
		{C57F2A47-684A-4FFD-BBA9-67E00356EE92}.Debug|x86.ActiveCfg = Debug|Any CPU
		{C57F2A47-684A-4FFD-BBA9-67E00356EE92}.Debug|x86.Build.0 = Debug|Any CPU
		{C57F2A47-684A-4FFD-BBA9-67E00356EE92}.Release|Any CPU.ActiveCfg = Release|Any CPU
		{C57F2A47-684A-4FFD-BBA9-67E00356EE92}.Release|Any CPU.Build.0 = Release|Any CPU
		{C57F2A47-684A-4FFD-BBA9-67E00356EE92}.Release|Itanium.ActiveCfg = Release|Any CPU
		{C57F2A47-684A-4FFD-BBA9-67E00356EE92}.Release|Itanium.Build.0 = Release|Any CPU
		{C57F2A47-684A-4FFD-BBA9-67E00356EE92}.Release|Mixed Platforms.ActiveCfg = Release|Any CPU
		{C57F2A47-684A-4FFD-BBA9-67E00356EE92}.Release|Mixed Platforms.Build.0 = Release|Any CPU
		{C57F2A47-684A-4FFD-BBA9-67E00356EE92}.Release|x86.ActiveCfg = Release|Any CPU
		{C57F2A47-684A-4FFD-BBA9-67E00356EE92}.Release|x86.Build.0 = Release|Any CPU
	EndGlobalSection
	GlobalSection(SolutionProperties) = preSolution
		HideSolutionNode = FALSE
	EndGlobalSection
	GlobalSection(NestedProjects) = preSolution
		{656B343B-24F1-471E-84BB-D705E973ECBD} = {AA2394C3-94FB-4766-94F6-285A985CA371}
		{8ABB3438-0EF0-4D1C-A0BD-E513FA65354C} = {AA2394C3-94FB-4766-94F6-285A985CA371}
		{8D642087-739F-41DF-8183-FE83BD64E07C} = {AA2394C3-94FB-4766-94F6-285A985CA371}
		{A4CBE01D-197E-40A3-8F25-00BEA7F38488} = {0A431B8B-9A16-438C-B43B-AC30FE805942}
		{A7FC09B7-DCA3-4DC5-8C7C-F5C6718DA36D} = {B3F97BBB-EF64-44D7-840F-9084F1A3DB71}
		{E5F9C58C-8846-4B5C-B6F4-3FC0175193CA} = {6BAA9D2F-3A31-44EA-AC4C-C9D17B7A8021}
		{48893B21-FFAD-4EE5-A3A6-A00454D3BCF2} = {AA2394C3-94FB-4766-94F6-285A985CA371}
		{2583E8A0-AAD2-4E91-9F5C-4B79FCF41DAC} = {AA2394C3-94FB-4766-94F6-285A985CA371}
		{AD5C31E4-60AF-4072-8CE6-83E5EA220BD6} = {AA2394C3-94FB-4766-94F6-285A985CA371}
		{91E51419-F939-4B40-865D-B54E2C9EB0F8} = {656B343B-24F1-471E-84BB-D705E973ECBD}
		{8A6FB5CC-F57D-4416-880F-ED10989F7F7B} = {AA2394C3-94FB-4766-94F6-285A985CA371}
		{37ADA15D-2C72-4BEB-857F-528C4E55692A} = {8ABB3438-0EF0-4D1C-A0BD-E513FA65354C}
		{1AC1411D-050F-44DA-9DE7-134528C8E9BD} = {AE4D4603-F80C-466A-A597-8728645F03B7}
		{CBC635E9-E288-4DA4-9F5C-42C6E5D6DE4C} = {8D642087-739F-41DF-8183-FE83BD64E07C}
		{50715848-FD28-4081-95CE-11A5680D96C9} = {AE4D4603-F80C-466A-A597-8728645F03B7}
		{770E8039-E431-4BFF-B631-653FD8307A82} = {26C6C93A-156E-4FB5-B52C-E6F1F675C16E}
		{002FCF29-AA0C-4C6C-BC0E-3FB07FEF96F4} = {97106D83-E3C3-4F50-A83C-9D16B09D7768}
		{834A2682-A340-48C3-BDA1-40AC2B4A53DF} = {80EE7659-87C5-4604-AC2F-670E79D47204}
		{4D4B834A-5307-4EDA-AA16-E2470AD166D3} = {C49FEC0F-75A9-4EF3-A991-851856CD1999}
		{639D6CE1-26D4-4B63-9E18-19B8A86F27E1} = {C49FEC0F-75A9-4EF3-A991-851856CD1999}
		{4C4C52E5-629C-4E67-AEF7-333E8C01EDFB} = {C49FEC0F-75A9-4EF3-A991-851856CD1999}
		{90CA245F-C8BA-4D50-AE2E-BC42103F2876} = {C49FEC0F-75A9-4EF3-A991-851856CD1999}
		{2606DC3C-27A6-4317-A03F-6249059EC7A6} = {AA2394C3-94FB-4766-94F6-285A985CA371}
		{DA1135ED-CC42-4F66-B9EA-0D6105107E55} = {EDFC39F0-5EAC-4FAA-A52D-5CD8AD252638}
		{CB99B53E-548D-4059-9D5B-276FF519165B} = {EDFC39F0-5EAC-4FAA-A52D-5CD8AD252638}
		{5735A37F-298F-41B4-9414-6029A212BE28} = {EDFC39F0-5EAC-4FAA-A52D-5CD8AD252638}
		{182DBFCD-FC97-4385-88B4-1E227AF4A2F4} = {EDFC39F0-5EAC-4FAA-A52D-5CD8AD252638}
		{355E29CD-4B79-43F2-B0A5-F67BA019708A} = {EDFC39F0-5EAC-4FAA-A52D-5CD8AD252638}
		{9FCB5CF0-E309-4F1B-B2ED-FE54B252712B} = {EDFC39F0-5EAC-4FAA-A52D-5CD8AD252638}
		{039C7A2F-0950-4F29-9BF9-F9FF6316FDAC} = {EDFC39F0-5EAC-4FAA-A52D-5CD8AD252638}
		{86E7C1C6-67DF-4333-B029-452A8714A00D} = {EDFC39F0-5EAC-4FAA-A52D-5CD8AD252638}
		{7C69A946-D6A6-4DF9-A5F3-0135FBBF0B9B} = {EDFC39F0-5EAC-4FAA-A52D-5CD8AD252638}
		{8614934F-99E1-40CD-B88C-D6E81BD5BE60} = {EDFC39F0-5EAC-4FAA-A52D-5CD8AD252638}
		{A8691929-507D-471F-8B50-EBC66778F454} = {EDFC39F0-5EAC-4FAA-A52D-5CD8AD252638}
		{B4A0D4CE-2BCC-4C6D-A3C6-6FDE34E15BB6} = {EDFC39F0-5EAC-4FAA-A52D-5CD8AD252638}
		{BAEFDE59-8A69-4CAA-8EB4-BA2A615D025B} = {EDFC39F0-5EAC-4FAA-A52D-5CD8AD252638}
		{648F5E86-1B36-4905-A961-E23B20B76078} = {EDFC39F0-5EAC-4FAA-A52D-5CD8AD252638}
		{D67BB0EC-9498-4301-BCF7-D2E5888361B3} = {EDFC39F0-5EAC-4FAA-A52D-5CD8AD252638}
		{00F212AA-84D0-4AE2-A1D8-486C906247B0} = {EDFC39F0-5EAC-4FAA-A52D-5CD8AD252638}
		{8A873704-75EA-473D-8FF1-45A10410FCE4} = {EDFC39F0-5EAC-4FAA-A52D-5CD8AD252638}
		{E871EDF0-A2EF-44E8-8F87-E4BC1A9FFC5F} = {9D6667D9-561F-4D4A-B9A2-CC73C2B956BD}
		{6DF54BFD-551D-4267-988F-4AA5B87FD4D8} = {11203421-419D-4B70-B067-4F451B785A4E}
		{2E34BCDC-8919-41C5-B8C6-38C15756CE2B} = {D6B5159B-3CB7-437A-9372-247B7E798613}
		{697918DB-9A0C-49FA-85CF-21784EDD305B} = {D6B5159B-3CB7-437A-9372-247B7E798613}
		{82BFF598-187B-4C2A-B1C8-0940BD8A4197} = {D6B5159B-3CB7-437A-9372-247B7E798613}
		{62395854-1981-420B-8D52-FD8C362161D9} = {D6B5159B-3CB7-437A-9372-247B7E798613}
		{7F312D28-D198-443F-B249-D5C341366D3F} = {62395854-1981-420B-8D52-FD8C362161D9}
		{D8B6EC60-DD4A-4069-B7C6-F12A1EADFDDF} = {62395854-1981-420B-8D52-FD8C362161D9}
		{C57F2A47-684A-4FFD-BBA9-67E00356EE92} = {62395854-1981-420B-8D52-FD8C362161D9}
	EndGlobalSection
	GlobalSection(ExtensibilityGlobals) = postSolution
		EnterpriseLibraryConfigurationToolBinariesPath = packages\Unity.2.1.505.2\lib\NET35
		SolutionGuid = {9BAED1E1-56B4-4B16-A2CA-1F3E1133A95A}
	EndGlobalSection
EndGlobal
